// !$*UTF8*$!
{
	archiveVersion = 1;
	classes = {
	};
	objectVersion = 46;
	objects = {

/* Begin PBXBuildFile section */
		80F545461CC7A1BC00ED595E /* CoreLocation.framework in Frameworks */ = {isa = PBXBuildFile; fileRef = 80F545451CC7A1BC00ED595E /* CoreLocation.framework */; };
		80F545481CC7A1C200ED595E /* CoreGraphics.framework in Frameworks */ = {isa = PBXBuildFile; fileRef = 80F545471CC7A1C200ED595E /* CoreGraphics.framework */; };
		80F5454A1CC7A1C700ED595E /* Foundation.framework in Frameworks */ = {isa = PBXBuildFile; fileRef = 80F545491CC7A1C700ED595E /* Foundation.framework */; };
		80F5454C1CC7A1CD00ED595E /* UIKit.framework in Frameworks */ = {isa = PBXBuildFile; fileRef = 80F5454B1CC7A1CD00ED595E /* UIKit.framework */; };
		80F5454E1CC7A1D700ED595E /* OpenGLES.framework in Frameworks */ = {isa = PBXBuildFile; fileRef = 80F5454D1CC7A1D700ED595E /* OpenGLES.framework */; };
		80F545501CC7A1DD00ED595E /* QuartzCore.framework in Frameworks */ = {isa = PBXBuildFile; fileRef = 80F5454F1CC7A1DD00ED595E /* QuartzCore.framework */; };
		80F545551CC7A1F100ED595E /* Default.png in Resources */ = {isa = PBXBuildFile; fileRef = 80F545521CC7A1F100ED595E /* Default.png */; };
		80F545561CC7A1F100ED595E /* Icon.png in Resources */ = {isa = PBXBuildFile; fileRef = 80F545531CC7A1F100ED595E /* Icon.png */; };
		80F545571CC7A1F100ED595E /* Info.plist in Resources */ = {isa = PBXBuildFile; fileRef = 80F545541CC7A1F100ED595E /* Info.plist */; };
		80F5455A1CC7A20000ED595E /* main.m in Sources */ = {isa = PBXBuildFile; fileRef = 80F545591CC7A20000ED595E /* main.m */; };
		80F545601CC7A21600ED595E /* GLView.mm in Sources */ = {isa = PBXBuildFile; fileRef = 80F5455D1CC7A21600ED595E /* GLView.mm */; };
		80F545611CC7A21600ED595E /* RenderingEngine.ES1.cpp in Sources */ = {isa = PBXBuildFile; fileRef = 80F5455F1CC7A21600ED595E /* RenderingEngine.ES1.cpp */; };
		80F5456C1CC7A22F00ED595E /* Button.png in Resources */ = {isa = PBXBuildFile; fileRef = 80F545631CC7A22F00ED595E /* Button.png */; };
		80F5456D1CC7A22F00ED595E /* East.png in Resources */ = {isa = PBXBuildFile; fileRef = 80F545641CC7A22F00ED595E /* East.png */; };
		80F5456E1CC7A22F00ED595E /* Moss.pvr in Resources */ = {isa = PBXBuildFile; fileRef = 80F545651CC7A22F00ED595E /* Moss.pvr */; };
		80F5456F1CC7A22F00ED595E /* North.png in Resources */ = {isa = PBXBuildFile; fileRef = 80F545661CC7A22F00ED595E /* North.png */; };
		80F545701CC7A22F00ED595E /* Sky.pvr in Resources */ = {isa = PBXBuildFile; fileRef = 80F545671CC7A22F00ED595E /* Sky.pvr */; };
		80F545711CC7A22F00ED595E /* South.png in Resources */ = {isa = PBXBuildFile; fileRef = 80F545681CC7A22F00ED595E /* South.png */; };
		80F545721CC7A22F00ED595E /* Triangle.png in Resources */ = {isa = PBXBuildFile; fileRef = 80F545691CC7A22F00ED595E /* Triangle.png */; };
		80F545731CC7A22F00ED595E /* TriangleFigure.png in Resources */ = {isa = PBXBuildFile; fileRef = 80F5456A1CC7A22F00ED595E /* TriangleFigure.png */; };
		80F545741CC7A22F00ED595E /* West.png in Resources */ = {isa = PBXBuildFile; fileRef = 80F5456B1CC7A22F00ED595E /* West.png */; };
		80F5457E1CC7A24500ED595E /* AccelerometerFilter.m in Sources */ = {isa = PBXBuildFile; fileRef = 80F545771CC7A24500ED595E /* AccelerometerFilter.m */; };
		80F5457F1CC7A24500ED595E /* AppDelegate.mm in Sources */ = {isa = PBXBuildFile; fileRef = 80F545791CC7A24500ED595E /* AppDelegate.mm */; };
		80F545801CC7A24500ED595E /* ResourceManager.mm in Sources */ = {isa = PBXBuildFile; fileRef = 80F5457C1CC7A24500ED595E /* ResourceManager.mm */; };
		80F545871CC7A25C00ED595E /* GeodesicDome.py in Resources */ = {isa = PBXBuildFile; fileRef = 80F545861CC7A25C00ED595E /* GeodesicDome.py */; };
/* End PBXBuildFile section */

/* Begin PBXFileReference section */
		80F5451B1CC7A17600ED595E /* ZHolodeckCamera.app */ = {isa = PBXFileReference; explicitFileType = wrapper.application; includeInIndex = 0; path = ZHolodeckCamera.app; sourceTree = BUILT_PRODUCTS_DIR; };
		80F545451CC7A1BC00ED595E /* CoreLocation.framework */ = {isa = PBXFileReference; lastKnownFileType = wrapper.framework; name = CoreLocation.framework; path = System/Library/Frameworks/CoreLocation.framework; sourceTree = SDKROOT; };
		80F545471CC7A1C200ED595E /* CoreGraphics.framework */ = {isa = PBXFileReference; lastKnownFileType = wrapper.framework; name = CoreGraphics.framework; path = System/Library/Frameworks/CoreGraphics.framework; sourceTree = SDKROOT; };
		80F545491CC7A1C700ED595E /* Foundation.framework */ = {isa = PBXFileReference; lastKnownFileType = wrapper.framework; name = Foundation.framework; path = System/Library/Frameworks/Foundation.framework; sourceTree = SDKROOT; };
		80F5454B1CC7A1CD00ED595E /* UIKit.framework */ = {isa = PBXFileReference; lastKnownFileType = wrapper.framework; name = UIKit.framework; path = System/Library/Frameworks/UIKit.framework; sourceTree = SDKROOT; };
		80F5454D1CC7A1D700ED595E /* OpenGLES.framework */ = {isa = PBXFileReference; lastKnownFileType = wrapper.framework; name = OpenGLES.framework; path = System/Library/Frameworks/OpenGLES.framework; sourceTree = SDKROOT; };
		80F5454F1CC7A1DD00ED595E /* QuartzCore.framework */ = {isa = PBXFileReference; lastKnownFileType = wrapper.framework; name = QuartzCore.framework; path = System/Library/Frameworks/QuartzCore.framework; sourceTree = SDKROOT; };
		80F545521CC7A1F100ED595E /* Default.png */ = {isa = PBXFileReference; lastKnownFileType = image.png; path = Default.png; sourceTree = "<group>"; };
		80F545531CC7A1F100ED595E /* Icon.png */ = {isa = PBXFileReference; lastKnownFileType = image.png; path = Icon.png; sourceTree = "<group>"; };
		80F545541CC7A1F100ED595E /* Info.plist */ = {isa = PBXFileReference; fileEncoding = 4; lastKnownFileType = text.plist.xml; path = Info.plist; sourceTree = "<group>"; };
		80F545591CC7A20000ED595E /* main.m */ = {isa = PBXFileReference; fileEncoding = 4; lastKnownFileType = sourcecode.c.objc; path = main.m; sourceTree = "<group>"; };
		80F5455C1CC7A21600ED595E /* GLView.h */ = {isa = PBXFileReference; fileEncoding = 4; lastKnownFileType = sourcecode.c.h; name = GLView.h; path = Classes/GLView.h; sourceTree = "<group>"; };
		80F5455D1CC7A21600ED595E /* GLView.mm */ = {isa = PBXFileReference; fileEncoding = 4; lastKnownFileType = sourcecode.cpp.objcpp; name = GLView.mm; path = Classes/GLView.mm; sourceTree = "<group>"; };
		80F5455E1CC7A21600ED595E /* Interfaces.hpp */ = {isa = PBXFileReference; fileEncoding = 4; lastKnownFileType = sourcecode.cpp.h; name = Interfaces.hpp; path = Classes/Interfaces.hpp; sourceTree = "<group>"; };
		80F5455F1CC7A21600ED595E /* RenderingEngine.ES1.cpp */ = {isa = PBXFileReference; fileEncoding = 4; lastKnownFileType = sourcecode.cpp.cpp; name = RenderingEngine.ES1.cpp; path = Classes/RenderingEngine.ES1.cpp; sourceTree = "<group>"; };
		80F545631CC7A22F00ED595E /* Button.png */ = {isa = PBXFileReference; lastKnownFileType = image.png; name = Button.png; path = Textures/Button.png; sourceTree = "<group>"; };
		80F545641CC7A22F00ED595E /* East.png */ = {isa = PBXFileReference; lastKnownFileType = image.png; name = East.png; path = Textures/East.png; sourceTree = "<group>"; };
		80F545651CC7A22F00ED595E /* Moss.pvr */ = {isa = PBXFileReference; lastKnownFileType = file; name = Moss.pvr; path = Textures/Moss.pvr; sourceTree = "<group>"; };
		80F545661CC7A22F00ED595E /* North.png */ = {isa = PBXFileReference; lastKnownFileType = image.png; name = North.png; path = Textures/North.png; sourceTree = "<group>"; };
		80F545671CC7A22F00ED595E /* Sky.pvr */ = {isa = PBXFileReference; lastKnownFileType = file; name = Sky.pvr; path = Textures/Sky.pvr; sourceTree = "<group>"; };
		80F545681CC7A22F00ED595E /* South.png */ = {isa = PBXFileReference; lastKnownFileType = image.png; name = South.png; path = Textures/South.png; sourceTree = "<group>"; };
		80F545691CC7A22F00ED595E /* Triangle.png */ = {isa = PBXFileReference; lastKnownFileType = image.png; name = Triangle.png; path = Textures/Triangle.png; sourceTree = "<group>"; };
		80F5456A1CC7A22F00ED595E /* TriangleFigure.png */ = {isa = PBXFileReference; lastKnownFileType = image.png; name = TriangleFigure.png; path = Textures/TriangleFigure.png; sourceTree = "<group>"; };
		80F5456B1CC7A22F00ED595E /* West.png */ = {isa = PBXFileReference; lastKnownFileType = image.png; name = West.png; path = Textures/West.png; sourceTree = "<group>"; };
		80F545761CC7A24500ED595E /* AccelerometerFilter.h */ = {isa = PBXFileReference; fileEncoding = 4; lastKnownFileType = sourcecode.c.h; name = AccelerometerFilter.h; path = Classes/AccelerometerFilter.h; sourceTree = "<group>"; };
		80F545771CC7A24500ED595E /* AccelerometerFilter.m */ = {isa = PBXFileReference; fileEncoding = 4; lastKnownFileType = sourcecode.c.objc; name = AccelerometerFilter.m; path = Classes/AccelerometerFilter.m; sourceTree = "<group>"; };
		80F545781CC7A24500ED595E /* AppDelegate.h */ = {isa = PBXFileReference; fileEncoding = 4; lastKnownFileType = sourcecode.c.h; name = AppDelegate.h; path = Classes/AppDelegate.h; sourceTree = "<group>"; };
		80F545791CC7A24500ED595E /* AppDelegate.mm */ = {isa = PBXFileReference; fileEncoding = 4; lastKnownFileType = sourcecode.cpp.objcpp; name = AppDelegate.mm; path = Classes/AppDelegate.mm; sourceTree = "<group>"; };
		80F5457A1CC7A24500ED595E /* Matrix.hpp */ = {isa = PBXFileReference; fileEncoding = 4; lastKnownFileType = sourcecode.cpp.h; name = Matrix.hpp; path = Classes/Matrix.hpp; sourceTree = "<group>"; };
		80F5457B1CC7A24500ED595E /* ParametricSurface.hpp */ = {isa = PBXFileReference; fileEncoding = 4; lastKnownFileType = sourcecode.cpp.h; name = ParametricSurface.hpp; path = Classes/ParametricSurface.hpp; sourceTree = "<group>"; };
		80F5457C1CC7A24500ED595E /* ResourceManager.mm */ = {isa = PBXFileReference; fileEncoding = 4; lastKnownFileType = sourcecode.cpp.objcpp; name = ResourceManager.mm; path = Classes/ResourceManager.mm; sourceTree = "<group>"; };
		80F5457D1CC7A24500ED595E /* Vector.hpp */ = {isa = PBXFileReference; fileEncoding = 4; lastKnownFileType = sourcecode.cpp.h; name = Vector.hpp; path = Classes/Vector.hpp; sourceTree = "<group>"; };
		80F545821CC7A25100ED595E /* PVRTGlobal.h */ = {isa = PBXFileReference; fileEncoding = 4; lastKnownFileType = sourcecode.c.h; name = PVRTGlobal.h; path = PowerVR/PVRTGlobal.h; sourceTree = "<group>"; };
		80F545831CC7A25100ED595E /* PVRTTexture.h */ = {isa = PBXFileReference; fileEncoding = 4; lastKnownFileType = sourcecode.c.h; name = PVRTTexture.h; path = PowerVR/PVRTTexture.h; sourceTree = "<group>"; };
		80F545851CC7A25C00ED595E /* GeodesicDome.h */ = {isa = PBXFileReference; fileEncoding = 4; lastKnownFileType = sourcecode.c.h; name = GeodesicDome.h; path = Models/GeodesicDome.h; sourceTree = "<group>"; };
		80F545861CC7A25C00ED595E /* GeodesicDome.py */ = {isa = PBXFileReference; fileEncoding = 4; lastKnownFileType = text.script.python; name = GeodesicDome.py; path = Models/GeodesicDome.py; sourceTree = "<group>"; };
/* End PBXFileReference section */

/* Begin PBXFrameworksBuildPhase section */
		80F545181CC7A17600ED595E /* Frameworks */ = {
			isa = PBXFrameworksBuildPhase;
			buildActionMask = 2147483647;
			files = (
				80F545501CC7A1DD00ED595E /* QuartzCore.framework in Frameworks */,
				80F5454E1CC7A1D700ED595E /* OpenGLES.framework in Frameworks */,
				80F5454C1CC7A1CD00ED595E /* UIKit.framework in Frameworks */,
				80F5454A1CC7A1C700ED595E /* Foundation.framework in Frameworks */,
				80F545481CC7A1C200ED595E /* CoreGraphics.framework in Frameworks */,
				80F545461CC7A1BC00ED595E /* CoreLocation.framework in Frameworks */,
			);
			runOnlyForDeploymentPostprocessing = 0;
		};
/* End PBXFrameworksBuildPhase section */

/* Begin PBXGroup section */
		80F545121CC7A17600ED595E = {
			isa = PBXGroup;
			children = (
				80F545841CC7A25400ED595E /* Models */,
				80F545811CC7A24900ED595E /* PowerVR */,
				80F545751CC7A23300ED595E /* Utility */,
				80F545621CC7A22000ED595E /* Textures */,
				80F5455B1CC7A20600ED595E /* Classes */,
				80F545581CC7A1F700ED595E /* Other Sources */,
				80F545511CC7A1E200ED595E /* Resources */,
				80F545441CC7A19F00ED595E /* Frameworks */,
				80F5451C1CC7A17600ED595E /* Products */,
			);
			sourceTree = "<group>";
		};
		80F5451C1CC7A17600ED595E /* Products */ = {
			isa = PBXGroup;
			children = (
				80F5451B1CC7A17600ED595E /* ZHolodeckCamera.app */,
			);
			name = Products;
			sourceTree = "<group>";
		};
		80F545441CC7A19F00ED595E /* Frameworks */ = {
			isa = PBXGroup;
			children = (
				80F5454F1CC7A1DD00ED595E /* QuartzCore.framework */,
				80F5454D1CC7A1D700ED595E /* OpenGLES.framework */,
				80F5454B1CC7A1CD00ED595E /* UIKit.framework */,
				80F545491CC7A1C700ED595E /* Foundation.framework */,
				80F545471CC7A1C200ED595E /* CoreGraphics.framework */,
				80F545451CC7A1BC00ED595E /* CoreLocation.framework */,
			);
			name = Frameworks;
			sourceTree = "<group>";
		};
		80F545511CC7A1E200ED595E /* Resources */ = {
			isa = PBXGroup;
			children = (
				80F545521CC7A1F100ED595E /* Default.png */,
				80F545531CC7A1F100ED595E /* Icon.png */,
				80F545541CC7A1F100ED595E /* Info.plist */,
			);
			name = Resources;
			sourceTree = "<group>";
		};
		80F545581CC7A1F700ED595E /* Other Sources */ = {
			isa = PBXGroup;
			children = (
				80F545591CC7A20000ED595E /* main.m */,
			);
			name = "Other Sources";
			sourceTree = "<group>";
		};
		80F5455B1CC7A20600ED595E /* Classes */ = {
			isa = PBXGroup;
			children = (
				80F5455C1CC7A21600ED595E /* GLView.h */,
				80F5455D1CC7A21600ED595E /* GLView.mm */,
				80F5455E1CC7A21600ED595E /* Interfaces.hpp */,
				80F5455F1CC7A21600ED595E /* RenderingEngine.ES1.cpp */,
			);
			name = Classes;
			sourceTree = "<group>";
		};
		80F545621CC7A22000ED595E /* Textures */ = {
			isa = PBXGroup;
			children = (
				80F545631CC7A22F00ED595E /* Button.png */,
				80F545641CC7A22F00ED595E /* East.png */,
				80F545651CC7A22F00ED595E /* Moss.pvr */,
				80F545661CC7A22F00ED595E /* North.png */,
				80F545671CC7A22F00ED595E /* Sky.pvr */,
				80F545681CC7A22F00ED595E /* South.png */,
				80F545691CC7A22F00ED595E /* Triangle.png */,
				80F5456A1CC7A22F00ED595E /* TriangleFigure.png */,
				80F5456B1CC7A22F00ED595E /* West.png */,
			);
			name = Textures;
			sourceTree = "<group>";
		};
		80F545751CC7A23300ED595E /* Utility */ = {
			isa = PBXGroup;
			children = (
				80F545761CC7A24500ED595E /* AccelerometerFilter.h */,
				80F545771CC7A24500ED595E /* AccelerometerFilter.m */,
				80F545781CC7A24500ED595E /* AppDelegate.h */,
				80F545791CC7A24500ED595E /* AppDelegate.mm */,
				80F5457A1CC7A24500ED595E /* Matrix.hpp */,
				80F5457B1CC7A24500ED595E /* ParametricSurface.hpp */,
				80F5457C1CC7A24500ED595E /* ResourceManager.mm */,
				80F5457D1CC7A24500ED595E /* Vector.hpp */,
			);
			name = Utility;
			sourceTree = "<group>";
		};
		80F545811CC7A24900ED595E /* PowerVR */ = {
			isa = PBXGroup;
			children = (
				80F545821CC7A25100ED595E /* PVRTGlobal.h */,
				80F545831CC7A25100ED595E /* PVRTTexture.h */,
			);
			name = PowerVR;
			sourceTree = "<group>";
		};
		80F545841CC7A25400ED595E /* Models */ = {
			isa = PBXGroup;
			children = (
				80F545851CC7A25C00ED595E /* GeodesicDome.h */,
				80F545861CC7A25C00ED595E /* GeodesicDome.py */,
			);
			name = Models;
			sourceTree = "<group>";
		};
/* End PBXGroup section */

/* Begin PBXNativeTarget section */
		80F5451A1CC7A17600ED595E /* ZHolodeckCamera */ = {
			isa = PBXNativeTarget;
			buildConfigurationList = 80F5453E1CC7A17600ED595E /* Build configuration list for PBXNativeTarget "ZHolodeckCamera" */;
			buildPhases = (
				80F545171CC7A17600ED595E /* Sources */,
				80F545181CC7A17600ED595E /* Frameworks */,
				80F545191CC7A17600ED595E /* Resources */,
			);
			buildRules = (
			);
			dependencies = (
			);
			name = ZHolodeckCamera;
			productName = ZHolodeckCamera;
			productReference = 80F5451B1CC7A17600ED595E /* ZHolodeckCamera.app */;
			productType = "com.apple.product-type.application";
		};
/* End PBXNativeTarget section */

/* Begin PBXProject section */
		80F545131CC7A17600ED595E /* Project object */ = {
			isa = PBXProject;
			attributes = {
				LastUpgradeCheck = 0640;
				ORGANIZATIONNAME = "Steven Boland";
				TargetAttributes = {
					80F5451A1CC7A17600ED595E = {
						CreatedOnToolsVersion = 6.4;
					};
				};
			};
			buildConfigurationList = 80F545161CC7A17600ED595E /* Build configuration list for PBXProject "ZHolodeckCamera" */;
			compatibilityVersion = "Xcode 3.2";
			developmentRegion = English;
			hasScannedForEncodings = 0;
			knownRegions = (
				en,
				Base,
			);
			mainGroup = 80F545121CC7A17600ED595E;
			productRefGroup = 80F5451C1CC7A17600ED595E /* Products */;
			projectDirPath = "";
			projectRoot = "";
			targets = (
				80F5451A1CC7A17600ED595E /* ZHolodeckCamera */,
			);
		};
/* End PBXProject section */

/* Begin PBXResourcesBuildPhase section */
		80F545191CC7A17600ED595E /* Resources */ = {
			isa = PBXResourcesBuildPhase;
			buildActionMask = 2147483647;
			files = (
				80F545871CC7A25C00ED595E /* GeodesicDome.py in Resources */,
				80F5456E1CC7A22F00ED595E /* Moss.pvr in Resources */,
				80F545721CC7A22F00ED595E /* Triangle.png in Resources */,
				80F545561CC7A1F100ED595E /* Icon.png in Resources */,
				80F5456C1CC7A22F00ED595E /* Button.png in Resources */,
				80F5456F1CC7A22F00ED595E /* North.png in Resources */,
				80F545731CC7A22F00ED595E /* TriangleFigure.png in Resources */,
				80F545741CC7A22F00ED595E /* West.png in Resources */,
				80F545701CC7A22F00ED595E /* Sky.pvr in Resources */,
				80F5456D1CC7A22F00ED595E /* East.png in Resources */,
				80F545551CC7A1F100ED595E /* Default.png in Resources */,
				80F545571CC7A1F100ED595E /* Info.plist in Resources */,
				80F545711CC7A22F00ED595E /* South.png in Resources */,
			);
			runOnlyForDeploymentPostprocessing = 0;
		};
/* End PBXResourcesBuildPhase section */

/* Begin PBXSourcesBuildPhase section */
		80F545171CC7A17600ED595E /* Sources */ = {
			isa = PBXSourcesBuildPhase;
			buildActionMask = 2147483647;
			files = (
				80F5455A1CC7A20000ED595E /* main.m in Sources */,
				80F5457E1CC7A24500ED595E /* AccelerometerFilter.m in Sources */,
				80F545601CC7A21600ED595E /* GLView.mm in Sources */,
				80F545801CC7A24500ED595E /* ResourceManager.mm in Sources */,
				80F5457F1CC7A24500ED595E /* AppDelegate.mm in Sources */,
				80F545611CC7A21600ED595E /* RenderingEngine.ES1.cpp in Sources */,
			);
			runOnlyForDeploymentPostprocessing = 0;
		};
/* End PBXSourcesBuildPhase section */

/* Begin XCBuildConfiguration section */
		80F5453C1CC7A17600ED595E /* Debug */ = {
			isa = XCBuildConfiguration;
			buildSettings = {
				ALWAYS_SEARCH_USER_PATHS = NO;
				CLANG_CXX_LANGUAGE_STANDARD = "gnu++0x";
				CLANG_CXX_LIBRARY = "libc++";
				CLANG_ENABLE_MODULES = YES;
				CLANG_ENABLE_OBJC_ARC = NO;
				CLANG_WARN_BOOL_CONVERSION = YES;
				CLANG_WARN_CONSTANT_CONVERSION = YES;
				CLANG_WARN_DIRECT_OBJC_ISA_USAGE = YES_ERROR;
				CLANG_WARN_EMPTY_BODY = YES;
				CLANG_WARN_ENUM_CONVERSION = YES;
				CLANG_WARN_INT_CONVERSION = YES;
				CLANG_WARN_OBJC_ROOT_CLASS = YES_ERROR;
				CLANG_WARN_UNREACHABLE_CODE = YES;
				CLANG_WARN__DUPLICATE_METHOD_MATCH = YES;
				"CODE_SIGN_IDENTITY[sdk=iphoneos*]" = "iPhone Developer";
				COPY_PHASE_STRIP = NO;
				DEBUG_INFORMATION_FORMAT = "dwarf-with-dsym";
				ENABLE_STRICT_OBJC_MSGSEND = YES;
				GCC_C_LANGUAGE_STANDARD = gnu99;
				GCC_DYNAMIC_NO_PIC = NO;
				GCC_NO_COMMON_BLOCKS = YES;
				GCC_OPTIMIZATION_LEVEL = 0;
				GCC_PREPROCESSOR_DEFINITIONS = (
					"DEBUG=1",
					"$(inherited)",
				);
				GCC_SYMBOLS_PRIVATE_EXTERN = NO;
				GCC_WARN_64_TO_32_BIT_CONVERSION = YES;
				GCC_WARN_ABOUT_RETURN_TYPE = YES_ERROR;
				GCC_WARN_UNDECLARED_SELECTOR = YES;
				GCC_WARN_UNINITIALIZED_AUTOS = YES_AGGRESSIVE;
				GCC_WARN_UNUSED_FUNCTION = YES;
				GCC_WARN_UNUSED_VARIABLE = YES;
				IPHONEOS_DEPLOYMENT_TARGET = 8.4;
				MTL_ENABLE_DEBUG_INFO = YES;
				ONLY_ACTIVE_ARCH = YES;
				SDKROOT = iphoneos;
				TARGETED_DEVICE_FAMILY = "1,2";
			};
			name = Debug;
		};
		80F5453D1CC7A17600ED595E /* Release */ = {
			isa = XCBuildConfiguration;
			buildSettings = {
				ALWAYS_SEARCH_USER_PATHS = NO;
				CLANG_CXX_LANGUAGE_STANDARD = "gnu++0x";
				CLANG_CXX_LIBRARY = "libc++";
				CLANG_ENABLE_MODULES = YES;
				CLANG_ENABLE_OBJC_ARC = NO;
				CLANG_WARN_BOOL_CONVERSION = YES;
				CLANG_WARN_CONSTANT_CONVERSION = YES;
				CLANG_WARN_DIRECT_OBJC_ISA_USAGE = YES_ERROR;
				CLANG_WARN_EMPTY_BODY = YES;
				CLANG_WARN_ENUM_CONVERSION = YES;
				CLANG_WARN_INT_CONVERSION = YES;
				CLANG_WARN_OBJC_ROOT_CLASS = YES_ERROR;
				CLANG_WARN_UNREACHABLE_CODE = YES;
				CLANG_WARN__DUPLICATE_METHOD_MATCH = YES;
				"CODE_SIGN_IDENTITY[sdk=iphoneos*]" = "iPhone Developer";
				COPY_PHASE_STRIP = NO;
				DEBUG_INFORMATION_FORMAT = "dwarf-with-dsym";
				ENABLE_NS_ASSERTIONS = NO;
				ENABLE_STRICT_OBJC_MSGSEND = YES;
				GCC_C_LANGUAGE_STANDARD = gnu99;
				GCC_NO_COMMON_BLOCKS = YES;
				GCC_WARN_64_TO_32_BIT_CONVERSION = YES;
				GCC_WARN_ABOUT_RETURN_TYPE = YES_ERROR;
				GCC_WARN_UNDECLARED_SELECTOR = YES;
				GCC_WARN_UNINITIALIZED_AUTOS = YES_AGGRESSIVE;
				GCC_WARN_UNUSED_FUNCTION = YES;
				GCC_WARN_UNUSED_VARIABLE = YES;
				IPHONEOS_DEPLOYMENT_TARGET = 8.4;
				MTL_ENABLE_DEBUG_INFO = NO;
				SDKROOT = iphoneos;
				TARGETED_DEVICE_FAMILY = "1,2";
				VALIDATE_PRODUCT = YES;
			};
			name = Release;
		};
		80F5453F1CC7A17600ED595E /* Debug */ = {
			isa = XCBuildConfiguration;
			buildSettings = {
				ASSETCATALOG_COMPILER_APPICON_NAME = AppIcon;
				INFOPLIST_FILE = "$(SRCROOT)/Info.plist";
				LD_RUNPATH_SEARCH_PATHS = "$(inherited) @executable_path/Frameworks";
				PRODUCT_NAME = "$(TARGET_NAME)";
			};
			name = Debug;
		};
		80F545401CC7A17600ED595E /* Release */ = {
			isa = XCBuildConfiguration;
			buildSettings = {
				ASSETCATALOG_COMPILER_APPICON_NAME = AppIcon;
				INFOPLIST_FILE = "$(SRCROOT)/Info.plist";
				LD_RUNPATH_SEARCH_PATHS = "$(inherited) @executable_path/Frameworks";
				PRODUCT_NAME = "$(TARGET_NAME)";
			};
			name = Release;
		};
/* End XCBuildConfiguration section */

/* Begin XCConfigurationList section */
		80F545161CC7A17600ED595E /* Build configuration list for PBXProject "ZHolodeckCamera" */ = {
			isa = XCConfigurationList;
			buildConfigurations = (
				80F5453C1CC7A17600ED595E /* Debug */,
				80F5453D1CC7A17600ED595E /* Release */,
			);
			defaultConfigurationIsVisible = 0;
			defaultConfigurationName = Release;
		};
		80F5453E1CC7A17600ED595E /* Build configuration list for PBXNativeTarget "ZHolodeckCamera" */ = {
			isa = XCConfigurationList;
			buildConfigurations = (
				80F5453F1CC7A17600ED595E /* Debug */,
				80F545401CC7A17600ED595E /* Release */,
			);
			defaultConfigurationIsVisible = 0;
		};
/* End XCConfigurationList section */
	};
	rootObject = 80F545131CC7A17600ED595E /* Project object */;
}
