// !$*UTF8*$!
{
	archiveVersion = 1;
	classes = {
	};
	objectVersion = 46;
	objects = {

/* Begin PBXBuildFile section */
		809E24C61CC629AB00E142F4 /* AppDelegate.mm in Sources */ = {isa = PBXBuildFile; fileRef = 809E24C11CC629AB00E142F4 /* AppDelegate.mm */; };
		809E24C71CC629AB00E142F4 /* ResourceManager.mm in Sources */ = {isa = PBXBuildFile; fileRef = 809E24C41CC629AB00E142F4 /* ResourceManager.mm */; };
		809E24CC1CC629B800E142F4 /* PleaseWait.png in Resources */ = {isa = PBXBuildFile; fileRef = 809E24C91CC629B800E142F4 /* PleaseWait.png */; };
		809E24CD1CC629B800E142F4 /* TakePicture.png in Resources */ = {isa = PBXBuildFile; fileRef = 809E24CA1CC629B800E142F4 /* TakePicture.png */; };
		809E24CE1CC629B800E142F4 /* Tarsier.png in Resources */ = {isa = PBXBuildFile; fileRef = 809E24CB1CC629B800E142F4 /* Tarsier.png */; };
		809E24D41CC629C900E142F4 /* GLView.mm in Sources */ = {isa = PBXBuildFile; fileRef = 809E24D11CC629C900E142F4 /* GLView.mm */; };
		809E24D51CC629C900E142F4 /* RenderingEngine.ES1.cpp in Sources */ = {isa = PBXBuildFile; fileRef = 809E24D31CC629C900E142F4 /* RenderingEngine.ES1.cpp */; };
		809E24D81CC629D900E142F4 /* main.m in Sources */ = {isa = PBXBuildFile; fileRef = 809E24D71CC629D900E142F4 /* main.m */; };
		809E24DD1CC629EB00E142F4 /* Default.png in Resources */ = {isa = PBXBuildFile; fileRef = 809E24DA1CC629EB00E142F4 /* Default.png */; };
		809E24DE1CC629EB00E142F4 /* Icon.png in Resources */ = {isa = PBXBuildFile; fileRef = 809E24DB1CC629EB00E142F4 /* Icon.png */; };
		809E24DF1CC629EB00E142F4 /* Info.plist in Resources */ = {isa = PBXBuildFile; fileRef = 809E24DC1CC629EB00E142F4 /* Info.plist */; };
		809E24E21CC62A0E00E142F4 /* QuartzCore.framework in Frameworks */ = {isa = PBXBuildFile; fileRef = 809E24E11CC62A0E00E142F4 /* QuartzCore.framework */; };
		809E24E41CC62A1500E142F4 /* OpenGLES.framework in Frameworks */ = {isa = PBXBuildFile; fileRef = 809E24E31CC62A1500E142F4 /* OpenGLES.framework */; };
		809E24E61CC62A1C00E142F4 /* UIKit.framework in Frameworks */ = {isa = PBXBuildFile; fileRef = 809E24E51CC62A1C00E142F4 /* UIKit.framework */; };
		809E24E81CC62A2100E142F4 /* Foundation.framework in Frameworks */ = {isa = PBXBuildFile; fileRef = 809E24E71CC62A2100E142F4 /* Foundation.framework */; };
		809E24EA1CC62A2800E142F4 /* CoreGraphics.framework in Frameworks */ = {isa = PBXBuildFile; fileRef = 809E24E91CC62A2800E142F4 /* CoreGraphics.framework */; };
/* End PBXBuildFile section */

/* Begin PBXFileReference section */
		809E24961CC628FF00E142F4 /* TexturedTheCamera.app */ = {isa = PBXFileReference; explicitFileType = wrapper.application; includeInIndex = 0; path = TexturedTheCamera.app; sourceTree = BUILT_PRODUCTS_DIR; };
		809E24C01CC629AB00E142F4 /* AppDelegate.h */ = {isa = PBXFileReference; fileEncoding = 4; lastKnownFileType = sourcecode.c.h; name = AppDelegate.h; path = Classes/AppDelegate.h; sourceTree = "<group>"; };
		809E24C11CC629AB00E142F4 /* AppDelegate.mm */ = {isa = PBXFileReference; fileEncoding = 4; lastKnownFileType = sourcecode.cpp.objcpp; name = AppDelegate.mm; path = Classes/AppDelegate.mm; sourceTree = "<group>"; };
		809E24C21CC629AB00E142F4 /* Matrix.hpp */ = {isa = PBXFileReference; fileEncoding = 4; lastKnownFileType = sourcecode.cpp.h; name = Matrix.hpp; path = Classes/Matrix.hpp; sourceTree = "<group>"; };
		809E24C31CC629AB00E142F4 /* ParametricSurface.hpp */ = {isa = PBXFileReference; fileEncoding = 4; lastKnownFileType = sourcecode.cpp.h; name = ParametricSurface.hpp; path = Classes/ParametricSurface.hpp; sourceTree = "<group>"; };
		809E24C41CC629AB00E142F4 /* ResourceManager.mm */ = {isa = PBXFileReference; fileEncoding = 4; lastKnownFileType = sourcecode.cpp.objcpp; name = ResourceManager.mm; path = Classes/ResourceManager.mm; sourceTree = "<group>"; };
		809E24C51CC629AB00E142F4 /* Vector.hpp */ = {isa = PBXFileReference; fileEncoding = 4; lastKnownFileType = sourcecode.cpp.h; name = Vector.hpp; path = Classes/Vector.hpp; sourceTree = "<group>"; };
		809E24C91CC629B800E142F4 /* PleaseWait.png */ = {isa = PBXFileReference; lastKnownFileType = image.png; name = PleaseWait.png; path = Textures/PleaseWait.png; sourceTree = "<group>"; };
		809E24CA1CC629B800E142F4 /* TakePicture.png */ = {isa = PBXFileReference; lastKnownFileType = image.png; name = TakePicture.png; path = Textures/TakePicture.png; sourceTree = "<group>"; };
		809E24CB1CC629B800E142F4 /* Tarsier.png */ = {isa = PBXFileReference; lastKnownFileType = image.png; name = Tarsier.png; path = Textures/Tarsier.png; sourceTree = "<group>"; };
		809E24D01CC629C900E142F4 /* GLView.h */ = {isa = PBXFileReference; fileEncoding = 4; lastKnownFileType = sourcecode.c.h; name = GLView.h; path = Classes/GLView.h; sourceTree = "<group>"; };
		809E24D11CC629C900E142F4 /* GLView.mm */ = {isa = PBXFileReference; fileEncoding = 4; lastKnownFileType = sourcecode.cpp.objcpp; name = GLView.mm; path = Classes/GLView.mm; sourceTree = "<group>"; };
		809E24D21CC629C900E142F4 /* Interfaces.hpp */ = {isa = PBXFileReference; fileEncoding = 4; lastKnownFileType = sourcecode.cpp.h; name = Interfaces.hpp; path = Classes/Interfaces.hpp; sourceTree = "<group>"; };
		809E24D31CC629C900E142F4 /* RenderingEngine.ES1.cpp */ = {isa = PBXFileReference; fileEncoding = 4; lastKnownFileType = sourcecode.cpp.cpp; name = RenderingEngine.ES1.cpp; path = Classes/RenderingEngine.ES1.cpp; sourceTree = "<group>"; };
		809E24D71CC629D900E142F4 /* main.m */ = {isa = PBXFileReference; fileEncoding = 4; lastKnownFileType = sourcecode.c.objc; path = main.m; sourceTree = "<group>"; };
		809E24DA1CC629EB00E142F4 /* Default.png */ = {isa = PBXFileReference; lastKnownFileType = image.png; path = Default.png; sourceTree = "<group>"; };
		809E24DB1CC629EB00E142F4 /* Icon.png */ = {isa = PBXFileReference; lastKnownFileType = image.png; path = Icon.png; sourceTree = "<group>"; };
		809E24DC1CC629EB00E142F4 /* Info.plist */ = {isa = PBXFileReference; fileEncoding = 4; lastKnownFileType = text.plist.xml; path = Info.plist; sourceTree = "<group>"; };
		809E24E11CC62A0E00E142F4 /* QuartzCore.framework */ = {isa = PBXFileReference; lastKnownFileType = wrapper.framework; name = QuartzCore.framework; path = System/Library/Frameworks/QuartzCore.framework; sourceTree = SDKROOT; };
		809E24E31CC62A1500E142F4 /* OpenGLES.framework */ = {isa = PBXFileReference; lastKnownFileType = wrapper.framework; name = OpenGLES.framework; path = System/Library/Frameworks/OpenGLES.framework; sourceTree = SDKROOT; };
		809E24E51CC62A1C00E142F4 /* UIKit.framework */ = {isa = PBXFileReference; lastKnownFileType = wrapper.framework; name = UIKit.framework; path = System/Library/Frameworks/UIKit.framework; sourceTree = SDKROOT; };
		809E24E71CC62A2100E142F4 /* Foundation.framework */ = {isa = PBXFileReference; lastKnownFileType = wrapper.framework; name = Foundation.framework; path = System/Library/Frameworks/Foundation.framework; sourceTree = SDKROOT; };
		809E24E91CC62A2800E142F4 /* CoreGraphics.framework */ = {isa = PBXFileReference; lastKnownFileType = wrapper.framework; name = CoreGraphics.framework; path = System/Library/Frameworks/CoreGraphics.framework; sourceTree = SDKROOT; };
/* End PBXFileReference section */

/* Begin PBXFrameworksBuildPhase section */
		809E24931CC628FF00E142F4 /* Frameworks */ = {
			isa = PBXFrameworksBuildPhase;
			buildActionMask = 2147483647;
			files = (
				809E24EA1CC62A2800E142F4 /* CoreGraphics.framework in Frameworks */,
				809E24E81CC62A2100E142F4 /* Foundation.framework in Frameworks */,
				809E24E61CC62A1C00E142F4 /* UIKit.framework in Frameworks */,
				809E24E41CC62A1500E142F4 /* OpenGLES.framework in Frameworks */,
				809E24E21CC62A0E00E142F4 /* QuartzCore.framework in Frameworks */,
			);
			runOnlyForDeploymentPostprocessing = 0;
		};
/* End PBXFrameworksBuildPhase section */

/* Begin PBXGroup section */
		809E248D1CC628FF00E142F4 = {
			isa = PBXGroup;
			children = (
				809E24E01CC62A0200E142F4 /* Frameworks */,
				809E24D91CC629E000E142F4 /* Resources */,
				809E24D61CC629CE00E142F4 /* Other Sources */,
				809E24CF1CC629BB00E142F4 /* Classes */,
				809E24C81CC629AD00E142F4 /* Textures */,
				809E24BF1CC6298F00E142F4 /* Utility */,
				809E24971CC628FF00E142F4 /* Products */,
			);
			sourceTree = "<group>";
		};
		809E24971CC628FF00E142F4 /* Products */ = {
			isa = PBXGroup;
			children = (
				809E24961CC628FF00E142F4 /* TexturedTheCamera.app */,
			);
			name = Products;
			sourceTree = "<group>";
		};
		809E24BF1CC6298F00E142F4 /* Utility */ = {
			isa = PBXGroup;
			children = (
				809E24C01CC629AB00E142F4 /* AppDelegate.h */,
				809E24C11CC629AB00E142F4 /* AppDelegate.mm */,
				809E24C21CC629AB00E142F4 /* Matrix.hpp */,
				809E24C31CC629AB00E142F4 /* ParametricSurface.hpp */,
				809E24C41CC629AB00E142F4 /* ResourceManager.mm */,
				809E24C51CC629AB00E142F4 /* Vector.hpp */,
			);
			name = Utility;
			sourceTree = "<group>";
		};
		809E24C81CC629AD00E142F4 /* Textures */ = {
			isa = PBXGroup;
			children = (
				809E24C91CC629B800E142F4 /* PleaseWait.png */,
				809E24CA1CC629B800E142F4 /* TakePicture.png */,
				809E24CB1CC629B800E142F4 /* Tarsier.png */,
			);
			name = Textures;
			sourceTree = "<group>";
		};
		809E24CF1CC629BB00E142F4 /* Classes */ = {
			isa = PBXGroup;
			children = (
				809E24D01CC629C900E142F4 /* GLView.h */,
				809E24D11CC629C900E142F4 /* GLView.mm */,
				809E24D21CC629C900E142F4 /* Interfaces.hpp */,
				809E24D31CC629C900E142F4 /* RenderingEngine.ES1.cpp */,
			);
			name = Classes;
			sourceTree = "<group>";
		};
		809E24D61CC629CE00E142F4 /* Other Sources */ = {
			isa = PBXGroup;
			children = (
				809E24D71CC629D900E142F4 /* main.m */,
			);
			name = "Other Sources";
			sourceTree = "<group>";
		};
		809E24D91CC629E000E142F4 /* Resources */ = {
			isa = PBXGroup;
			children = (
				809E24DA1CC629EB00E142F4 /* Default.png */,
				809E24DB1CC629EB00E142F4 /* Icon.png */,
				809E24DC1CC629EB00E142F4 /* Info.plist */,
			);
			name = Resources;
			sourceTree = "<group>";
		};
		809E24E01CC62A0200E142F4 /* Frameworks */ = {
			isa = PBXGroup;
			children = (
				809E24E91CC62A2800E142F4 /* CoreGraphics.framework */,
				809E24E71CC62A2100E142F4 /* Foundation.framework */,
				809E24E51CC62A1C00E142F4 /* UIKit.framework */,
				809E24E31CC62A1500E142F4 /* OpenGLES.framework */,
				809E24E11CC62A0E00E142F4 /* QuartzCore.framework */,
			);
			name = Frameworks;
			sourceTree = "<group>";
		};
/* End PBXGroup section */

/* Begin PBXNativeTarget section */
		809E24951CC628FF00E142F4 /* TexturedTheCamera */ = {
			isa = PBXNativeTarget;
			buildConfigurationList = 809E24B91CC628FF00E142F4 /* Build configuration list for PBXNativeTarget "TexturedTheCamera" */;
			buildPhases = (
				809E24921CC628FF00E142F4 /* Sources */,
				809E24931CC628FF00E142F4 /* Frameworks */,
				809E24941CC628FF00E142F4 /* Resources */,
			);
			buildRules = (
			);
			dependencies = (
			);
			name = TexturedTheCamera;
			productName = TexturedTheCamera;
			productReference = 809E24961CC628FF00E142F4 /* TexturedTheCamera.app */;
			productType = "com.apple.product-type.application";
		};
/* End PBXNativeTarget section */

/* Begin PBXProject section */
		809E248E1CC628FF00E142F4 /* Project object */ = {
			isa = PBXProject;
			attributes = {
				LastUpgradeCheck = 0640;
				ORGANIZATIONNAME = "Steven Boland";
				TargetAttributes = {
					809E24951CC628FF00E142F4 = {
						CreatedOnToolsVersion = 6.4;
					};
				};
			};
			buildConfigurationList = 809E24911CC628FF00E142F4 /* Build configuration list for PBXProject "TexturedTheCamera" */;
			compatibilityVersion = "Xcode 3.2";
			developmentRegion = English;
			hasScannedForEncodings = 0;
			knownRegions = (
				en,
				Base,
			);
			mainGroup = 809E248D1CC628FF00E142F4;
			productRefGroup = 809E24971CC628FF00E142F4 /* Products */;
			projectDirPath = "";
			projectRoot = "";
			targets = (
				809E24951CC628FF00E142F4 /* TexturedTheCamera */,
			);
		};
/* End PBXProject section */

/* Begin PBXResourcesBuildPhase section */
		809E24941CC628FF00E142F4 /* Resources */ = {
			isa = PBXResourcesBuildPhase;
			buildActionMask = 2147483647;
			files = (
				809E24CE1CC629B800E142F4 /* Tarsier.png in Resources */,
				809E24CC1CC629B800E142F4 /* PleaseWait.png in Resources */,
				809E24DF1CC629EB00E142F4 /* Info.plist in Resources */,
				809E24DE1CC629EB00E142F4 /* Icon.png in Resources */,
				809E24CD1CC629B800E142F4 /* TakePicture.png in Resources */,
				809E24DD1CC629EB00E142F4 /* Default.png in Resources */,
			);
			runOnlyForDeploymentPostprocessing = 0;
		};
/* End PBXResourcesBuildPhase section */

/* Begin PBXSourcesBuildPhase section */
		809E24921CC628FF00E142F4 /* Sources */ = {
			isa = PBXSourcesBuildPhase;
			buildActionMask = 2147483647;
			files = (
				809E24D81CC629D900E142F4 /* main.m in Sources */,
				809E24D41CC629C900E142F4 /* GLView.mm in Sources */,
				809E24C61CC629AB00E142F4 /* AppDelegate.mm in Sources */,
				809E24C71CC629AB00E142F4 /* ResourceManager.mm in Sources */,
				809E24D51CC629C900E142F4 /* RenderingEngine.ES1.cpp in Sources */,
			);
			runOnlyForDeploymentPostprocessing = 0;
		};
/* End PBXSourcesBuildPhase section */

/* Begin XCBuildConfiguration section */
		809E24B71CC628FF00E142F4 /* Debug */ = {
			isa = XCBuildConfiguration;
			buildSettings = {
				ALWAYS_SEARCH_USER_PATHS = NO;
				CLANG_CXX_LANGUAGE_STANDARD = "gnu++0x";
				CLANG_CXX_LIBRARY = "libc++";
				CLANG_ENABLE_MODULES = YES;
				CLANG_ENABLE_OBJC_ARC = YES;
				CLANG_WARN_BOOL_CONVERSION = YES;
				CLANG_WARN_CONSTANT_CONVERSION = YES;
				CLANG_WARN_DIRECT_OBJC_ISA_USAGE = YES_ERROR;
				CLANG_WARN_EMPTY_BODY = YES;
				CLANG_WARN_ENUM_CONVERSION = YES;
				CLANG_WARN_INT_CONVERSION = YES;
				CLANG_WARN_OBJC_ROOT_CLASS = YES_ERROR;
				CLANG_WARN_UNREACHABLE_CODE = YES;
				CLANG_WARN__DUPLICATE_METHOD_MATCH = YES;
				"CODE_SIGN_IDENTITY[sdk=iphoneos*]" = "iPhone Developer";
				COPY_PHASE_STRIP = NO;
				DEBUG_INFORMATION_FORMAT = "dwarf-with-dsym";
				ENABLE_STRICT_OBJC_MSGSEND = YES;
				GCC_C_LANGUAGE_STANDARD = gnu99;
				GCC_DYNAMIC_NO_PIC = NO;
				GCC_NO_COMMON_BLOCKS = YES;
				GCC_OPTIMIZATION_LEVEL = 0;
				GCC_PREPROCESSOR_DEFINITIONS = (
					"DEBUG=1",
					"$(inherited)",
				);
				GCC_SYMBOLS_PRIVATE_EXTERN = NO;
				GCC_WARN_64_TO_32_BIT_CONVERSION = YES;
				GCC_WARN_ABOUT_RETURN_TYPE = YES_ERROR;
				GCC_WARN_UNDECLARED_SELECTOR = YES;
				GCC_WARN_UNINITIALIZED_AUTOS = YES_AGGRESSIVE;
				GCC_WARN_UNUSED_FUNCTION = YES;
				GCC_WARN_UNUSED_VARIABLE = YES;
				IPHONEOS_DEPLOYMENT_TARGET = 8.4;
				MTL_ENABLE_DEBUG_INFO = YES;
				ONLY_ACTIVE_ARCH = YES;
				SDKROOT = iphoneos;
				TARGETED_DEVICE_FAMILY = "1,2";
			};
			name = Debug;
		};
		809E24B81CC628FF00E142F4 /* Release */ = {
			isa = XCBuildConfiguration;
			buildSettings = {
				ALWAYS_SEARCH_USER_PATHS = NO;
				CLANG_CXX_LANGUAGE_STANDARD = "gnu++0x";
				CLANG_CXX_LIBRARY = "libc++";
				CLANG_ENABLE_MODULES = YES;
				CLANG_ENABLE_OBJC_ARC = YES;
				CLANG_WARN_BOOL_CONVERSION = YES;
				CLANG_WARN_CONSTANT_CONVERSION = YES;
				CLANG_WARN_DIRECT_OBJC_ISA_USAGE = YES_ERROR;
				CLANG_WARN_EMPTY_BODY = YES;
				CLANG_WARN_ENUM_CONVERSION = YES;
				CLANG_WARN_INT_CONVERSION = YES;
				CLANG_WARN_OBJC_ROOT_CLASS = YES_ERROR;
				CLANG_WARN_UNREACHABLE_CODE = YES;
				CLANG_WARN__DUPLICATE_METHOD_MATCH = YES;
				"CODE_SIGN_IDENTITY[sdk=iphoneos*]" = "iPhone Developer";
				COPY_PHASE_STRIP = NO;
				DEBUG_INFORMATION_FORMAT = "dwarf-with-dsym";
				ENABLE_NS_ASSERTIONS = NO;
				ENABLE_STRICT_OBJC_MSGSEND = YES;
				GCC_C_LANGUAGE_STANDARD = gnu99;
				GCC_NO_COMMON_BLOCKS = YES;
				GCC_WARN_64_TO_32_BIT_CONVERSION = YES;
				GCC_WARN_ABOUT_RETURN_TYPE = YES_ERROR;
				GCC_WARN_UNDECLARED_SELECTOR = YES;
				GCC_WARN_UNINITIALIZED_AUTOS = YES_AGGRESSIVE;
				GCC_WARN_UNUSED_FUNCTION = YES;
				GCC_WARN_UNUSED_VARIABLE = YES;
				IPHONEOS_DEPLOYMENT_TARGET = 8.4;
				MTL_ENABLE_DEBUG_INFO = NO;
				SDKROOT = iphoneos;
				TARGETED_DEVICE_FAMILY = "1,2";
				VALIDATE_PRODUCT = YES;
			};
			name = Release;
		};
		809E24BA1CC628FF00E142F4 /* Debug */ = {
			isa = XCBuildConfiguration;
			buildSettings = {
				ASSETCATALOG_COMPILER_APPICON_NAME = AppIcon;
				CLANG_ENABLE_OBJC_ARC = NO;
				INFOPLIST_FILE = "$(SRCROOT)/Info.plist";
				LD_RUNPATH_SEARCH_PATHS = "$(inherited) @executable_path/Frameworks";
				PRODUCT_NAME = "$(TARGET_NAME)";
			};
			name = Debug;
		};
		809E24BB1CC628FF00E142F4 /* Release */ = {
			isa = XCBuildConfiguration;
			buildSettings = {
				ASSETCATALOG_COMPILER_APPICON_NAME = AppIcon;
				CLANG_ENABLE_OBJC_ARC = NO;
				INFOPLIST_FILE = "$(SRCROOT)/Info.plist";
				LD_RUNPATH_SEARCH_PATHS = "$(inherited) @executable_path/Frameworks";
				PRODUCT_NAME = "$(TARGET_NAME)";
			};
			name = Release;
		};
/* End XCBuildConfiguration section */

/* Begin XCConfigurationList section */
		809E24911CC628FF00E142F4 /* Build configuration list for PBXProject "TexturedTheCamera" */ = {
			isa = XCConfigurationList;
			buildConfigurations = (
				809E24B71CC628FF00E142F4 /* Debug */,
				809E24B81CC628FF00E142F4 /* Release */,
			);
			defaultConfigurationIsVisible = 0;
			defaultConfigurationName = Release;
		};
		809E24B91CC628FF00E142F4 /* Build configuration list for PBXNativeTarget "TexturedTheCamera" */ = {
			isa = XCConfigurationList;
			buildConfigurations = (
				809E24BA1CC628FF00E142F4 /* Debug */,
				809E24BB1CC628FF00E142F4 /* Release */,
			);
			defaultConfigurationIsVisible = 0;
			defaultConfigurationName = Release;
		};
/* End XCConfigurationList section */
	};
	rootObject = 809E248E1CC628FF00E142F4 /* Project object */;
}
