// !$*UTF8*$!
{
	archiveVersion = 1;
	classes = {
	};
	objectVersion = 46;
	objects = {

/* Begin PBXBuildFile section */
		80658A291CCEA29600CD8C0A /* main.m in Sources */ = {isa = PBXBuildFile; fileRef = 80658A281CCEA29600CD8C0A /* main.m */; };
		80658A4E1CCEA30200CD8C0A /* QuartzCore.framework in Frameworks */ = {isa = PBXBuildFile; fileRef = 80658A4D1CCEA30200CD8C0A /* QuartzCore.framework */; };
		80658A501CCEA30800CD8C0A /* OpenGLES.framework in Frameworks */ = {isa = PBXBuildFile; fileRef = 80658A4F1CCEA30800CD8C0A /* OpenGLES.framework */; };
		80658A521CCEA30F00CD8C0A /* UIKit.framework in Frameworks */ = {isa = PBXBuildFile; fileRef = 80658A511CCEA30F00CD8C0A /* UIKit.framework */; };
		80658A541CCEA31400CD8C0A /* Foundation.framework in Frameworks */ = {isa = PBXBuildFile; fileRef = 80658A531CCEA31400CD8C0A /* Foundation.framework */; };
		80658A561CCEA31A00CD8C0A /* CoreGraphics.framework in Frameworks */ = {isa = PBXBuildFile; fileRef = 80658A551CCEA31A00CD8C0A /* CoreGraphics.framework */; };
		80658A5A1CCEA33900CD8C0A /* Default.png in Resources */ = {isa = PBXBuildFile; fileRef = 80658A581CCEA33900CD8C0A /* Default.png */; };
		80658A5B1CCEA33900CD8C0A /* Icon.png in Resources */ = {isa = PBXBuildFile; fileRef = 80658A591CCEA33900CD8C0A /* Icon.png */; };
		80658A691CCEA35800CD8C0A /* AppDelegate.mm in Sources */ = {isa = PBXBuildFile; fileRef = 80658A5F1CCEA35800CD8C0A /* AppDelegate.mm */; };
		80658A6A1CCEA35800CD8C0A /* ApplicationEngine.cpp in Sources */ = {isa = PBXBuildFile; fileRef = 80658A601CCEA35800CD8C0A /* ApplicationEngine.cpp */; };
		80658A6B1CCEA35800CD8C0A /* GLView.mm in Sources */ = {isa = PBXBuildFile; fileRef = 80658A621CCEA35800CD8C0A /* GLView.mm */; };
		80658A6C1CCEA35800CD8C0A /* RenderingEngine.ES1.cpp in Sources */ = {isa = PBXBuildFile; fileRef = 80658A661CCEA35800CD8C0A /* RenderingEngine.ES1.cpp */; };
		80658A6D1CCEA35800CD8C0A /* RenderingEngine.ES2.cpp in Sources */ = {isa = PBXBuildFile; fileRef = 80658A671CCEA35800CD8C0A /* RenderingEngine.ES2.cpp */; };
		80658A7F1CCEA36800CD8C0A /* Aum.png in Resources */ = {isa = PBXBuildFile; fileRef = 80658A6F1CCEA36800CD8C0A /* Aum.png */; };
		80658A801CCEA36800CD8C0A /* BookScript.py in Resources */ = {isa = PBXBuildFile; fileRef = 80658A701CCEA36800CD8C0A /* BookScript.py */; };
		80658A811CCEA36800CD8C0A /* DistanceField-Edges.xcf in Resources */ = {isa = PBXBuildFile; fileRef = 80658A711CCEA36800CD8C0A /* DistanceField-Edges.xcf */; };
		80658A821CCEA36800CD8C0A /* DistanceField.png in Resources */ = {isa = PBXBuildFile; fileRef = 80658A731CCEA36800CD8C0A /* DistanceField.png */; };
		80658A831CCEA36800CD8C0A /* DistanceField.xcf in Resources */ = {isa = PBXBuildFile; fileRef = 80658A741CCEA36800CD8C0A /* DistanceField.xcf */; };
		80658A841CCEA36800CD8C0A /* GenerateDistanceField.py in Resources */ = {isa = PBXBuildFile; fileRef = 80658A751CCEA36800CD8C0A /* GenerateDistanceField.py */; };
		80658A851CCEA36800CD8C0A /* GenerateText.py in Resources */ = {isa = PBXBuildFile; fileRef = 80658A761CCEA36800CD8C0A /* GenerateText.py */; };
		80658A861CCEA36800CD8C0A /* SmallAum.png in Resources */ = {isa = PBXBuildFile; fileRef = 80658A781CCEA36800CD8C0A /* SmallAum.png */; };
		80658A871CCEA36800CD8C0A /* SmallText.png in Resources */ = {isa = PBXBuildFile; fileRef = 80658A7A1CCEA36800CD8C0A /* SmallText.png */; };
		80658A881CCEA36800CD8C0A /* Text.png in Resources */ = {isa = PBXBuildFile; fileRef = 80658A7C1CCEA36800CD8C0A /* Text.png */; };
		80658A891CCEA36800CD8C0A /* Tile.png in Resources */ = {isa = PBXBuildFile; fileRef = 80658A7E1CCEA36800CD8C0A /* Tile.png */; };
		80658A8D1CCEA37900CD8C0A /* SimpleTexturing.es2.frag in Resources */ = {isa = PBXBuildFile; fileRef = 80658A8B1CCEA37900CD8C0A /* SimpleTexturing.es2.frag */; };
		80658A8E1CCEA37900CD8C0A /* SimpleTexturing.es2.vert in Resources */ = {isa = PBXBuildFile; fileRef = 80658A8C1CCEA37900CD8C0A /* SimpleTexturing.es2.vert */; };
/* End PBXBuildFile section */

/* Begin PBXFileReference section */
		80658A231CCEA29600CD8C0A /* FieldDistance.app */ = {isa = PBXFileReference; explicitFileType = wrapper.application; includeInIndex = 0; path = FieldDistance.app; sourceTree = BUILT_PRODUCTS_DIR; };
		80658A271CCEA29600CD8C0A /* Info.plist */ = {isa = PBXFileReference; lastKnownFileType = text.plist.xml; name = Info.plist; path = FieldDistance/Info.plist; sourceTree = "<group>"; };
		80658A281CCEA29600CD8C0A /* main.m */ = {isa = PBXFileReference; lastKnownFileType = sourcecode.c.objc; name = main.m; path = FieldDistance/main.m; sourceTree = "<group>"; };
		80658A4D1CCEA30200CD8C0A /* QuartzCore.framework */ = {isa = PBXFileReference; lastKnownFileType = wrapper.framework; name = QuartzCore.framework; path = System/Library/Frameworks/QuartzCore.framework; sourceTree = SDKROOT; };
		80658A4F1CCEA30800CD8C0A /* OpenGLES.framework */ = {isa = PBXFileReference; lastKnownFileType = wrapper.framework; name = OpenGLES.framework; path = System/Library/Frameworks/OpenGLES.framework; sourceTree = SDKROOT; };
		80658A511CCEA30F00CD8C0A /* UIKit.framework */ = {isa = PBXFileReference; lastKnownFileType = wrapper.framework; name = UIKit.framework; path = System/Library/Frameworks/UIKit.framework; sourceTree = SDKROOT; };
		80658A531CCEA31400CD8C0A /* Foundation.framework */ = {isa = PBXFileReference; lastKnownFileType = wrapper.framework; name = Foundation.framework; path = System/Library/Frameworks/Foundation.framework; sourceTree = SDKROOT; };
		80658A551CCEA31A00CD8C0A /* CoreGraphics.framework */ = {isa = PBXFileReference; lastKnownFileType = wrapper.framework; name = CoreGraphics.framework; path = System/Library/Frameworks/CoreGraphics.framework; sourceTree = SDKROOT; };
		80658A581CCEA33900CD8C0A /* Default.png */ = {isa = PBXFileReference; lastKnownFileType = image.png; path = Default.png; sourceTree = "<group>"; };
		80658A591CCEA33900CD8C0A /* Icon.png */ = {isa = PBXFileReference; lastKnownFileType = image.png; path = Icon.png; sourceTree = "<group>"; };
		80658A5E1CCEA35800CD8C0A /* AppDelegate.h */ = {isa = PBXFileReference; fileEncoding = 4; lastKnownFileType = sourcecode.c.h; name = AppDelegate.h; path = Classes/AppDelegate.h; sourceTree = "<group>"; };
		80658A5F1CCEA35800CD8C0A /* AppDelegate.mm */ = {isa = PBXFileReference; fileEncoding = 4; lastKnownFileType = sourcecode.cpp.objcpp; name = AppDelegate.mm; path = Classes/AppDelegate.mm; sourceTree = "<group>"; };
		80658A601CCEA35800CD8C0A /* ApplicationEngine.cpp */ = {isa = PBXFileReference; fileEncoding = 4; lastKnownFileType = sourcecode.cpp.cpp; name = ApplicationEngine.cpp; path = Classes/ApplicationEngine.cpp; sourceTree = "<group>"; };
		80658A611CCEA35800CD8C0A /* GLView.h */ = {isa = PBXFileReference; fileEncoding = 4; lastKnownFileType = sourcecode.c.h; name = GLView.h; path = Classes/GLView.h; sourceTree = "<group>"; };
		80658A621CCEA35800CD8C0A /* GLView.mm */ = {isa = PBXFileReference; fileEncoding = 4; lastKnownFileType = sourcecode.cpp.objcpp; name = GLView.mm; path = Classes/GLView.mm; sourceTree = "<group>"; };
		80658A631CCEA35800CD8C0A /* Interfaces.hpp */ = {isa = PBXFileReference; fileEncoding = 4; lastKnownFileType = sourcecode.cpp.h; name = Interfaces.hpp; path = Classes/Interfaces.hpp; sourceTree = "<group>"; };
		80658A641CCEA35800CD8C0A /* Matrix.hpp */ = {isa = PBXFileReference; fileEncoding = 4; lastKnownFileType = sourcecode.cpp.h; name = Matrix.hpp; path = Classes/Matrix.hpp; sourceTree = "<group>"; };
		80658A651CCEA35800CD8C0A /* ParametricSurface.hpp */ = {isa = PBXFileReference; fileEncoding = 4; lastKnownFileType = sourcecode.cpp.h; name = ParametricSurface.hpp; path = Classes/ParametricSurface.hpp; sourceTree = "<group>"; };
		80658A661CCEA35800CD8C0A /* RenderingEngine.ES1.cpp */ = {isa = PBXFileReference; fileEncoding = 4; lastKnownFileType = sourcecode.cpp.cpp; name = RenderingEngine.ES1.cpp; path = Classes/RenderingEngine.ES1.cpp; sourceTree = "<group>"; };
		80658A671CCEA35800CD8C0A /* RenderingEngine.ES2.cpp */ = {isa = PBXFileReference; fileEncoding = 4; lastKnownFileType = sourcecode.cpp.cpp; name = RenderingEngine.ES2.cpp; path = Classes/RenderingEngine.ES2.cpp; sourceTree = "<group>"; };
		80658A681CCEA35800CD8C0A /* Vector.hpp */ = {isa = PBXFileReference; fileEncoding = 4; lastKnownFileType = sourcecode.cpp.h; name = Vector.hpp; path = Classes/Vector.hpp; sourceTree = "<group>"; };
		80658A6F1CCEA36800CD8C0A /* Aum.png */ = {isa = PBXFileReference; lastKnownFileType = image.png; name = Aum.png; path = Textures/Aum.png; sourceTree = "<group>"; };
		80658A701CCEA36800CD8C0A /* BookScript.py */ = {isa = PBXFileReference; fileEncoding = 4; lastKnownFileType = text.script.python; name = BookScript.py; path = Textures/BookScript.py; sourceTree = "<group>"; };
		80658A711CCEA36800CD8C0A /* DistanceField-Edges.xcf */ = {isa = PBXFileReference; lastKnownFileType = file; name = "DistanceField-Edges.xcf"; path = "Textures/DistanceField-Edges.xcf"; sourceTree = "<group>"; };
		80658A721CCEA36800CD8C0A /* DistanceField.h */ = {isa = PBXFileReference; fileEncoding = 4; lastKnownFileType = sourcecode.c.h; name = DistanceField.h; path = Textures/DistanceField.h; sourceTree = "<group>"; };
		80658A731CCEA36800CD8C0A /* DistanceField.png */ = {isa = PBXFileReference; lastKnownFileType = image.png; name = DistanceField.png; path = Textures/DistanceField.png; sourceTree = "<group>"; };
		80658A741CCEA36800CD8C0A /* DistanceField.xcf */ = {isa = PBXFileReference; lastKnownFileType = file; name = DistanceField.xcf; path = Textures/DistanceField.xcf; sourceTree = "<group>"; };
		80658A751CCEA36800CD8C0A /* GenerateDistanceField.py */ = {isa = PBXFileReference; fileEncoding = 4; lastKnownFileType = text.script.python; name = GenerateDistanceField.py; path = Textures/GenerateDistanceField.py; sourceTree = "<group>"; };
		80658A761CCEA36800CD8C0A /* GenerateText.py */ = {isa = PBXFileReference; fileEncoding = 4; lastKnownFileType = text.script.python; name = GenerateText.py; path = Textures/GenerateText.py; sourceTree = "<group>"; };
		80658A771CCEA36800CD8C0A /* SmallAum.h */ = {isa = PBXFileReference; fileEncoding = 4; lastKnownFileType = sourcecode.c.h; name = SmallAum.h; path = Textures/SmallAum.h; sourceTree = "<group>"; };
		80658A781CCEA36800CD8C0A /* SmallAum.png */ = {isa = PBXFileReference; lastKnownFileType = image.png; name = SmallAum.png; path = Textures/SmallAum.png; sourceTree = "<group>"; };
		80658A791CCEA36800CD8C0A /* SmallText.h */ = {isa = PBXFileReference; fileEncoding = 4; lastKnownFileType = sourcecode.c.h; name = SmallText.h; path = Textures/SmallText.h; sourceTree = "<group>"; };
		80658A7A1CCEA36800CD8C0A /* SmallText.png */ = {isa = PBXFileReference; lastKnownFileType = image.png; name = SmallText.png; path = Textures/SmallText.png; sourceTree = "<group>"; };
		80658A7B1CCEA36800CD8C0A /* Text.h */ = {isa = PBXFileReference; fileEncoding = 4; lastKnownFileType = sourcecode.c.h; name = Text.h; path = Textures/Text.h; sourceTree = "<group>"; };
		80658A7C1CCEA36800CD8C0A /* Text.png */ = {isa = PBXFileReference; lastKnownFileType = image.png; name = Text.png; path = Textures/Text.png; sourceTree = "<group>"; };
		80658A7D1CCEA36800CD8C0A /* Tile.h */ = {isa = PBXFileReference; fileEncoding = 4; lastKnownFileType = sourcecode.c.h; name = Tile.h; path = Textures/Tile.h; sourceTree = "<group>"; };
		80658A7E1CCEA36800CD8C0A /* Tile.png */ = {isa = PBXFileReference; lastKnownFileType = image.png; name = Tile.png; path = Textures/Tile.png; sourceTree = "<group>"; };
		80658A8B1CCEA37900CD8C0A /* SimpleTexturing.es2.frag */ = {isa = PBXFileReference; fileEncoding = 4; lastKnownFileType = sourcecode.glsl; name = SimpleTexturing.es2.frag; path = Shaders/SimpleTexturing.es2.frag; sourceTree = "<group>"; };
		80658A8C1CCEA37900CD8C0A /* SimpleTexturing.es2.vert */ = {isa = PBXFileReference; fileEncoding = 4; lastKnownFileType = sourcecode.glsl; name = SimpleTexturing.es2.vert; path = Shaders/SimpleTexturing.es2.vert; sourceTree = "<group>"; };
/* End PBXFileReference section */

/* Begin PBXFrameworksBuildPhase section */
		80658A201CCEA29600CD8C0A /* Frameworks */ = {
			isa = PBXFrameworksBuildPhase;
			buildActionMask = 2147483647;
			files = (
				80658A561CCEA31A00CD8C0A /* CoreGraphics.framework in Frameworks */,
				80658A541CCEA31400CD8C0A /* Foundation.framework in Frameworks */,
				80658A521CCEA30F00CD8C0A /* UIKit.framework in Frameworks */,
				80658A501CCEA30800CD8C0A /* OpenGLES.framework in Frameworks */,
				80658A4E1CCEA30200CD8C0A /* QuartzCore.framework in Frameworks */,
			);
			runOnlyForDeploymentPostprocessing = 0;
		};
/* End PBXFrameworksBuildPhase section */

/* Begin PBXGroup section */
		80658A1A1CCEA29600CD8C0A = {
			isa = PBXGroup;
			children = (
				80658A8A1CCEA37100CD8C0A /* Shaders */,
				80658A6E1CCEA35C00CD8C0A /* Textures */,
				80658A5D1CCEA34E00CD8C0A /* Classes */,
				80658A5C1CCEA33C00CD8C0A /* Other Sources */,
				80658A571CCEA32000CD8C0A /* Resources */,
				80658A4C1CCEA2E700CD8C0A /* Frameworks */,
				80658A241CCEA29600CD8C0A /* Products */,
			);
			sourceTree = "<group>";
		};
		80658A241CCEA29600CD8C0A /* Products */ = {
			isa = PBXGroup;
			children = (
				80658A231CCEA29600CD8C0A /* FieldDistance.app */,
			);
			name = Products;
			sourceTree = "<group>";
		};
		80658A4C1CCEA2E700CD8C0A /* Frameworks */ = {
			isa = PBXGroup;
			children = (
				80658A551CCEA31A00CD8C0A /* CoreGraphics.framework */,
				80658A531CCEA31400CD8C0A /* Foundation.framework */,
				80658A511CCEA30F00CD8C0A /* UIKit.framework */,
				80658A4F1CCEA30800CD8C0A /* OpenGLES.framework */,
				80658A4D1CCEA30200CD8C0A /* QuartzCore.framework */,
			);
			name = Frameworks;
			sourceTree = "<group>";
		};
		80658A571CCEA32000CD8C0A /* Resources */ = {
			isa = PBXGroup;
			children = (
				80658A581CCEA33900CD8C0A /* Default.png */,
				80658A591CCEA33900CD8C0A /* Icon.png */,
				80658A271CCEA29600CD8C0A /* Info.plist */,
			);
			name = Resources;
			sourceTree = "<group>";
		};
		80658A5C1CCEA33C00CD8C0A /* Other Sources */ = {
			isa = PBXGroup;
			children = (
				80658A281CCEA29600CD8C0A /* main.m */,
			);
			name = "Other Sources";
			sourceTree = "<group>";
		};
		80658A5D1CCEA34E00CD8C0A /* Classes */ = {
			isa = PBXGroup;
			children = (
				80658A5E1CCEA35800CD8C0A /* AppDelegate.h */,
				80658A5F1CCEA35800CD8C0A /* AppDelegate.mm */,
				80658A601CCEA35800CD8C0A /* ApplicationEngine.cpp */,
				80658A611CCEA35800CD8C0A /* GLView.h */,
				80658A621CCEA35800CD8C0A /* GLView.mm */,
				80658A631CCEA35800CD8C0A /* Interfaces.hpp */,
				80658A641CCEA35800CD8C0A /* Matrix.hpp */,
				80658A651CCEA35800CD8C0A /* ParametricSurface.hpp */,
				80658A661CCEA35800CD8C0A /* RenderingEngine.ES1.cpp */,
				80658A671CCEA35800CD8C0A /* RenderingEngine.ES2.cpp */,
				80658A681CCEA35800CD8C0A /* Vector.hpp */,
			);
			name = Classes;
			sourceTree = "<group>";
		};
		80658A6E1CCEA35C00CD8C0A /* Textures */ = {
			isa = PBXGroup;
			children = (
				80658A6F1CCEA36800CD8C0A /* Aum.png */,
				80658A701CCEA36800CD8C0A /* BookScript.py */,
				80658A711CCEA36800CD8C0A /* DistanceField-Edges.xcf */,
				80658A721CCEA36800CD8C0A /* DistanceField.h */,
				80658A731CCEA36800CD8C0A /* DistanceField.png */,
				80658A741CCEA36800CD8C0A /* DistanceField.xcf */,
				80658A751CCEA36800CD8C0A /* GenerateDistanceField.py */,
				80658A761CCEA36800CD8C0A /* GenerateText.py */,
				80658A771CCEA36800CD8C0A /* SmallAum.h */,
				80658A781CCEA36800CD8C0A /* SmallAum.png */,
				80658A791CCEA36800CD8C0A /* SmallText.h */,
				80658A7A1CCEA36800CD8C0A /* SmallText.png */,
				80658A7B1CCEA36800CD8C0A /* Text.h */,
				80658A7C1CCEA36800CD8C0A /* Text.png */,
				80658A7D1CCEA36800CD8C0A /* Tile.h */,
				80658A7E1CCEA36800CD8C0A /* Tile.png */,
			);
			name = Textures;
			sourceTree = "<group>";
		};
		80658A8A1CCEA37100CD8C0A /* Shaders */ = {
			isa = PBXGroup;
			children = (
				80658A8B1CCEA37900CD8C0A /* SimpleTexturing.es2.frag */,
				80658A8C1CCEA37900CD8C0A /* SimpleTexturing.es2.vert */,
			);
			name = Shaders;
			sourceTree = "<group>";
		};
/* End PBXGroup section */

/* Begin PBXNativeTarget section */
		80658A221CCEA29600CD8C0A /* FieldDistance */ = {
			isa = PBXNativeTarget;
			buildConfigurationList = 80658A461CCEA29600CD8C0A /* Build configuration list for PBXNativeTarget "FieldDistance" */;
			buildPhases = (
				80658A1F1CCEA29600CD8C0A /* Sources */,
				80658A201CCEA29600CD8C0A /* Frameworks */,
				80658A211CCEA29600CD8C0A /* Resources */,
			);
			buildRules = (
			);
			dependencies = (
			);
			name = FieldDistance;
			productName = FieldDistance;
			productReference = 80658A231CCEA29600CD8C0A /* FieldDistance.app */;
			productType = "com.apple.product-type.application";
		};
/* End PBXNativeTarget section */

/* Begin PBXProject section */
		80658A1B1CCEA29600CD8C0A /* Project object */ = {
			isa = PBXProject;
			attributes = {
				LastUpgradeCheck = 0640;
				ORGANIZATIONNAME = "Steven Boland";
				TargetAttributes = {
					80658A221CCEA29600CD8C0A = {
						CreatedOnToolsVersion = 6.4;
					};
				};
			};
			buildConfigurationList = 80658A1E1CCEA29600CD8C0A /* Build configuration list for PBXProject "FieldDistance" */;
			compatibilityVersion = "Xcode 3.2";
			developmentRegion = English;
			hasScannedForEncodings = 0;
			knownRegions = (
				en,
				Base,
			);
			mainGroup = 80658A1A1CCEA29600CD8C0A;
			productRefGroup = 80658A241CCEA29600CD8C0A /* Products */;
			projectDirPath = "";
			projectRoot = "";
			targets = (
				80658A221CCEA29600CD8C0A /* FieldDistance */,
			);
		};
/* End PBXProject section */

/* Begin PBXResourcesBuildPhase section */
		80658A211CCEA29600CD8C0A /* Resources */ = {
			isa = PBXResourcesBuildPhase;
			buildActionMask = 2147483647;
			files = (
				80658A8E1CCEA37900CD8C0A /* SimpleTexturing.es2.vert in Resources */,
				80658A881CCEA36800CD8C0A /* Text.png in Resources */,
				80658A891CCEA36800CD8C0A /* Tile.png in Resources */,
				80658A801CCEA36800CD8C0A /* BookScript.py in Resources */,
				80658A841CCEA36800CD8C0A /* GenerateDistanceField.py in Resources */,
				80658A8D1CCEA37900CD8C0A /* SimpleTexturing.es2.frag in Resources */,
				80658A7F1CCEA36800CD8C0A /* Aum.png in Resources */,
				80658A5B1CCEA33900CD8C0A /* Icon.png in Resources */,
				80658A831CCEA36800CD8C0A /* DistanceField.xcf in Resources */,
				80658A861CCEA36800CD8C0A /* SmallAum.png in Resources */,
				80658A871CCEA36800CD8C0A /* SmallText.png in Resources */,
				80658A821CCEA36800CD8C0A /* DistanceField.png in Resources */,
				80658A851CCEA36800CD8C0A /* GenerateText.py in Resources */,
				80658A811CCEA36800CD8C0A /* DistanceField-Edges.xcf in Resources */,
				80658A5A1CCEA33900CD8C0A /* Default.png in Resources */,
			);
			runOnlyForDeploymentPostprocessing = 0;
		};
/* End PBXResourcesBuildPhase section */

/* Begin PBXSourcesBuildPhase section */
		80658A1F1CCEA29600CD8C0A /* Sources */ = {
			isa = PBXSourcesBuildPhase;
			buildActionMask = 2147483647;
			files = (
				80658A6A1CCEA35800CD8C0A /* ApplicationEngine.cpp in Sources */,
				80658A691CCEA35800CD8C0A /* AppDelegate.mm in Sources */,
				80658A6D1CCEA35800CD8C0A /* RenderingEngine.ES2.cpp in Sources */,
				80658A291CCEA29600CD8C0A /* main.m in Sources */,
				80658A6B1CCEA35800CD8C0A /* GLView.mm in Sources */,
				80658A6C1CCEA35800CD8C0A /* RenderingEngine.ES1.cpp in Sources */,
			);
			runOnlyForDeploymentPostprocessing = 0;
		};
/* End PBXSourcesBuildPhase section */

/* Begin XCBuildConfiguration section */
		80658A441CCEA29600CD8C0A /* Debug */ = {
			isa = XCBuildConfiguration;
			buildSettings = {
				ALWAYS_SEARCH_USER_PATHS = NO;
				CLANG_CXX_LANGUAGE_STANDARD = "gnu++0x";
				CLANG_CXX_LIBRARY = "libc++";
				CLANG_ENABLE_MODULES = YES;
				CLANG_ENABLE_OBJC_ARC = NO;
				CLANG_WARN_BOOL_CONVERSION = YES;
				CLANG_WARN_CONSTANT_CONVERSION = YES;
				CLANG_WARN_DIRECT_OBJC_ISA_USAGE = YES_ERROR;
				CLANG_WARN_EMPTY_BODY = YES;
				CLANG_WARN_ENUM_CONVERSION = YES;
				CLANG_WARN_INT_CONVERSION = YES;
				CLANG_WARN_OBJC_ROOT_CLASS = YES_ERROR;
				CLANG_WARN_UNREACHABLE_CODE = YES;
				CLANG_WARN__DUPLICATE_METHOD_MATCH = YES;
				"CODE_SIGN_IDENTITY[sdk=iphoneos*]" = "iPhone Developer";
				COPY_PHASE_STRIP = NO;
				DEBUG_INFORMATION_FORMAT = "dwarf-with-dsym";
				ENABLE_STRICT_OBJC_MSGSEND = YES;
				GCC_C_LANGUAGE_STANDARD = gnu99;
				GCC_DYNAMIC_NO_PIC = NO;
				GCC_NO_COMMON_BLOCKS = YES;
				GCC_OPTIMIZATION_LEVEL = 0;
				GCC_PREPROCESSOR_DEFINITIONS = (
					"DEBUG=1",
					"$(inherited)",
				);
				GCC_SYMBOLS_PRIVATE_EXTERN = NO;
				GCC_WARN_64_TO_32_BIT_CONVERSION = YES;
				GCC_WARN_ABOUT_RETURN_TYPE = YES_ERROR;
				GCC_WARN_UNDECLARED_SELECTOR = YES;
				GCC_WARN_UNINITIALIZED_AUTOS = YES_AGGRESSIVE;
				GCC_WARN_UNUSED_FUNCTION = YES;
				GCC_WARN_UNUSED_VARIABLE = YES;
				IPHONEOS_DEPLOYMENT_TARGET = 8.4;
				MTL_ENABLE_DEBUG_INFO = YES;
				ONLY_ACTIVE_ARCH = YES;
				SDKROOT = iphoneos;
				TARGETED_DEVICE_FAMILY = "1,2";
			};
			name = Debug;
		};
		80658A451CCEA29600CD8C0A /* Release */ = {
			isa = XCBuildConfiguration;
			buildSettings = {
				ALWAYS_SEARCH_USER_PATHS = NO;
				CLANG_CXX_LANGUAGE_STANDARD = "gnu++0x";
				CLANG_CXX_LIBRARY = "libc++";
				CLANG_ENABLE_MODULES = YES;
				CLANG_ENABLE_OBJC_ARC = NO;
				CLANG_WARN_BOOL_CONVERSION = YES;
				CLANG_WARN_CONSTANT_CONVERSION = YES;
				CLANG_WARN_DIRECT_OBJC_ISA_USAGE = YES_ERROR;
				CLANG_WARN_EMPTY_BODY = YES;
				CLANG_WARN_ENUM_CONVERSION = YES;
				CLANG_WARN_INT_CONVERSION = YES;
				CLANG_WARN_OBJC_ROOT_CLASS = YES_ERROR;
				CLANG_WARN_UNREACHABLE_CODE = YES;
				CLANG_WARN__DUPLICATE_METHOD_MATCH = YES;
				"CODE_SIGN_IDENTITY[sdk=iphoneos*]" = "iPhone Developer";
				COPY_PHASE_STRIP = NO;
				DEBUG_INFORMATION_FORMAT = "dwarf-with-dsym";
				ENABLE_NS_ASSERTIONS = NO;
				ENABLE_STRICT_OBJC_MSGSEND = YES;
				GCC_C_LANGUAGE_STANDARD = gnu99;
				GCC_NO_COMMON_BLOCKS = YES;
				GCC_WARN_64_TO_32_BIT_CONVERSION = YES;
				GCC_WARN_ABOUT_RETURN_TYPE = YES_ERROR;
				GCC_WARN_UNDECLARED_SELECTOR = YES;
				GCC_WARN_UNINITIALIZED_AUTOS = YES_AGGRESSIVE;
				GCC_WARN_UNUSED_FUNCTION = YES;
				GCC_WARN_UNUSED_VARIABLE = YES;
				IPHONEOS_DEPLOYMENT_TARGET = 8.4;
				MTL_ENABLE_DEBUG_INFO = NO;
				SDKROOT = iphoneos;
				TARGETED_DEVICE_FAMILY = "1,2";
				VALIDATE_PRODUCT = YES;
			};
			name = Release;
		};
		80658A471CCEA29600CD8C0A /* Debug */ = {
			isa = XCBuildConfiguration;
			buildSettings = {
				ASSETCATALOG_COMPILER_APPICON_NAME = AppIcon;
				INFOPLIST_FILE = FieldDistance/Info.plist;
				LD_RUNPATH_SEARCH_PATHS = "$(inherited) @executable_path/Frameworks";
				PRODUCT_NAME = "$(TARGET_NAME)";
			};
			name = Debug;
		};
		80658A481CCEA29600CD8C0A /* Release */ = {
			isa = XCBuildConfiguration;
			buildSettings = {
				ASSETCATALOG_COMPILER_APPICON_NAME = AppIcon;
				INFOPLIST_FILE = FieldDistance/Info.plist;
				LD_RUNPATH_SEARCH_PATHS = "$(inherited) @executable_path/Frameworks";
				PRODUCT_NAME = "$(TARGET_NAME)";
			};
			name = Release;
		};
/* End XCBuildConfiguration section */

/* Begin XCConfigurationList section */
		80658A1E1CCEA29600CD8C0A /* Build configuration list for PBXProject "FieldDistance" */ = {
			isa = XCConfigurationList;
			buildConfigurations = (
				80658A441CCEA29600CD8C0A /* Debug */,
				80658A451CCEA29600CD8C0A /* Release */,
			);
			defaultConfigurationIsVisible = 0;
			defaultConfigurationName = Release;
		};
		80658A461CCEA29600CD8C0A /* Build configuration list for PBXNativeTarget "FieldDistance" */ = {
			isa = XCConfigurationList;
			buildConfigurations = (
				80658A471CCEA29600CD8C0A /* Debug */,
				80658A481CCEA29600CD8C0A /* Release */,
			);
			defaultConfigurationIsVisible = 0;
		};
/* End XCConfigurationList section */
	};
	rootObject = 80658A1B1CCEA29600CD8C0A /* Project object */;
}
