// !$*UTF8*$!
{
	archiveVersion = 1;
	classes = {
	};
	objectVersion = 46;
	objects = {

/* Begin PBXBuildFile section */
		80C72F301CC006F20059CB02 /* main.m in Sources */ = {isa = PBXBuildFile; fileRef = 80C72F2F1CC006F20059CB02 /* main.m */; };
		80C72F331CC006FB0059CB02 /* SimpleLighting.es2.frag in Resources */ = {isa = PBXBuildFile; fileRef = 80C72F311CC006FB0059CB02 /* SimpleLighting.es2.frag */; };
		80C72F341CC006FB0059CB02 /* SimpleLighting.es2.vert in Resources */ = {isa = PBXBuildFile; fileRef = 80C72F321CC006FB0059CB02 /* SimpleLighting.es2.vert */; };
		80C72F431CC0075A0059CB02 /* AppDelegate.mm in Sources */ = {isa = PBXBuildFile; fileRef = 80C72F361CC0075A0059CB02 /* AppDelegate.mm */; };
		80C72F441CC0075A0059CB02 /* ApplicationEngine.ParametricViewer.cpp in Sources */ = {isa = PBXBuildFile; fileRef = 80C72F371CC0075A0059CB02 /* ApplicationEngine.ParametricViewer.cpp */; };
		80C72F451CC0075A0059CB02 /* GLView.mm in Sources */ = {isa = PBXBuildFile; fileRef = 80C72F391CC0075A0059CB02 /* GLView.mm */; };
		80C72F461CC0075A0059CB02 /* ParametricSurface.cpp in Sources */ = {isa = PBXBuildFile; fileRef = 80C72F3D1CC0075A0059CB02 /* ParametricSurface.cpp */; };
		80C72F471CC0075A0059CB02 /* RenderingEngine.SolidES1.cpp in Sources */ = {isa = PBXBuildFile; fileRef = 80C72F401CC0075A0059CB02 /* RenderingEngine.SolidES1.cpp */; };
		80C72F481CC0075A0059CB02 /* RenderingEngine.SolidES2.cpp in Sources */ = {isa = PBXBuildFile; fileRef = 80C72F411CC0075A0059CB02 /* RenderingEngine.SolidES2.cpp */; };
		80C72F4C1CC007650059CB02 /* Default.png in Resources */ = {isa = PBXBuildFile; fileRef = 80C72F491CC007650059CB02 /* Default.png */; };
		80C72F4D1CC007650059CB02 /* Icon.png in Resources */ = {isa = PBXBuildFile; fileRef = 80C72F4A1CC007650059CB02 /* Icon.png */; };
		80C72F4E1CC007650059CB02 /* Info.plist in Resources */ = {isa = PBXBuildFile; fileRef = 80C72F4B1CC007650059CB02 /* Info.plist */; };
		80C72F511CC0077F0059CB02 /* QuartzCore.framework in Frameworks */ = {isa = PBXBuildFile; fileRef = 80C72F501CC0077F0059CB02 /* QuartzCore.framework */; };
		80C72F531CC007840059CB02 /* UIKit.framework in Frameworks */ = {isa = PBXBuildFile; fileRef = 80C72F521CC007840059CB02 /* UIKit.framework */; };
		80C72F551CC0078A0059CB02 /* CoreGraphics.framework in Frameworks */ = {isa = PBXBuildFile; fileRef = 80C72F541CC0078A0059CB02 /* CoreGraphics.framework */; };
		80C72F571CC0078F0059CB02 /* Foundation.framework in Frameworks */ = {isa = PBXBuildFile; fileRef = 80C72F561CC0078F0059CB02 /* Foundation.framework */; };
		80C72F591CC007980059CB02 /* OpenGLES.framework in Frameworks */ = {isa = PBXBuildFile; fileRef = 80C72F581CC007980059CB02 /* OpenGLES.framework */; };
/* End PBXBuildFile section */

/* Begin PBXFileReference section */
		80C72F021CC004010059CB02 /* VertexLighting.app */ = {isa = PBXFileReference; explicitFileType = wrapper.application; includeInIndex = 0; path = VertexLighting.app; sourceTree = BUILT_PRODUCTS_DIR; };
		80C72F2F1CC006F20059CB02 /* main.m */ = {isa = PBXFileReference; fileEncoding = 4; lastKnownFileType = sourcecode.c.objc; path = main.m; sourceTree = "<group>"; };
		80C72F311CC006FB0059CB02 /* SimpleLighting.es2.frag */ = {isa = PBXFileReference; fileEncoding = 4; lastKnownFileType = sourcecode.glsl; name = SimpleLighting.es2.frag; path = Shaders/SimpleLighting.es2.frag; sourceTree = "<group>"; };
		80C72F321CC006FB0059CB02 /* SimpleLighting.es2.vert */ = {isa = PBXFileReference; fileEncoding = 4; lastKnownFileType = sourcecode.glsl; name = SimpleLighting.es2.vert; path = Shaders/SimpleLighting.es2.vert; sourceTree = "<group>"; };
		80C72F351CC0075A0059CB02 /* AppDelegate.h */ = {isa = PBXFileReference; fileEncoding = 4; lastKnownFileType = sourcecode.c.h; name = AppDelegate.h; path = Classes/AppDelegate.h; sourceTree = "<group>"; };
		80C72F361CC0075A0059CB02 /* AppDelegate.mm */ = {isa = PBXFileReference; fileEncoding = 4; lastKnownFileType = sourcecode.cpp.objcpp; name = AppDelegate.mm; path = Classes/AppDelegate.mm; sourceTree = "<group>"; };
		80C72F371CC0075A0059CB02 /* ApplicationEngine.ParametricViewer.cpp */ = {isa = PBXFileReference; fileEncoding = 4; lastKnownFileType = sourcecode.cpp.cpp; name = ApplicationEngine.ParametricViewer.cpp; path = Classes/ApplicationEngine.ParametricViewer.cpp; sourceTree = "<group>"; };
		80C72F381CC0075A0059CB02 /* GLView.h */ = {isa = PBXFileReference; fileEncoding = 4; lastKnownFileType = sourcecode.c.h; name = GLView.h; path = Classes/GLView.h; sourceTree = "<group>"; };
		80C72F391CC0075A0059CB02 /* GLView.mm */ = {isa = PBXFileReference; fileEncoding = 4; lastKnownFileType = sourcecode.cpp.objcpp; name = GLView.mm; path = Classes/GLView.mm; sourceTree = "<group>"; };
		80C72F3A1CC0075A0059CB02 /* Interfaces.hpp */ = {isa = PBXFileReference; fileEncoding = 4; lastKnownFileType = sourcecode.cpp.h; name = Interfaces.hpp; path = Classes/Interfaces.hpp; sourceTree = "<group>"; };
		80C72F3B1CC0075A0059CB02 /* Matrix.hpp */ = {isa = PBXFileReference; fileEncoding = 4; lastKnownFileType = sourcecode.cpp.h; name = Matrix.hpp; path = Classes/Matrix.hpp; sourceTree = "<group>"; };
		80C72F3C1CC0075A0059CB02 /* ParametricEquations.hpp */ = {isa = PBXFileReference; fileEncoding = 4; lastKnownFileType = sourcecode.cpp.h; name = ParametricEquations.hpp; path = Classes/ParametricEquations.hpp; sourceTree = "<group>"; };
		80C72F3D1CC0075A0059CB02 /* ParametricSurface.cpp */ = {isa = PBXFileReference; fileEncoding = 4; lastKnownFileType = sourcecode.cpp.cpp; name = ParametricSurface.cpp; path = Classes/ParametricSurface.cpp; sourceTree = "<group>"; };
		80C72F3E1CC0075A0059CB02 /* ParametricSurface.hpp */ = {isa = PBXFileReference; fileEncoding = 4; lastKnownFileType = sourcecode.cpp.h; name = ParametricSurface.hpp; path = Classes/ParametricSurface.hpp; sourceTree = "<group>"; };
		80C72F3F1CC0075A0059CB02 /* Quaternion.hpp */ = {isa = PBXFileReference; fileEncoding = 4; lastKnownFileType = sourcecode.cpp.h; name = Quaternion.hpp; path = Classes/Quaternion.hpp; sourceTree = "<group>"; };
		80C72F401CC0075A0059CB02 /* RenderingEngine.SolidES1.cpp */ = {isa = PBXFileReference; fileEncoding = 4; lastKnownFileType = sourcecode.cpp.cpp; name = RenderingEngine.SolidES1.cpp; path = Classes/RenderingEngine.SolidES1.cpp; sourceTree = "<group>"; };
		80C72F411CC0075A0059CB02 /* RenderingEngine.SolidES2.cpp */ = {isa = PBXFileReference; fileEncoding = 4; lastKnownFileType = sourcecode.cpp.cpp; name = RenderingEngine.SolidES2.cpp; path = Classes/RenderingEngine.SolidES2.cpp; sourceTree = "<group>"; };
		80C72F421CC0075A0059CB02 /* Vector.hpp */ = {isa = PBXFileReference; fileEncoding = 4; lastKnownFileType = sourcecode.cpp.h; name = Vector.hpp; path = Classes/Vector.hpp; sourceTree = "<group>"; };
		80C72F491CC007650059CB02 /* Default.png */ = {isa = PBXFileReference; lastKnownFileType = image.png; path = Default.png; sourceTree = "<group>"; };
		80C72F4A1CC007650059CB02 /* Icon.png */ = {isa = PBXFileReference; lastKnownFileType = image.png; path = Icon.png; sourceTree = "<group>"; };
		80C72F4B1CC007650059CB02 /* Info.plist */ = {isa = PBXFileReference; fileEncoding = 4; lastKnownFileType = text.plist.xml; path = Info.plist; sourceTree = "<group>"; };
		80C72F501CC0077F0059CB02 /* QuartzCore.framework */ = {isa = PBXFileReference; lastKnownFileType = wrapper.framework; name = QuartzCore.framework; path = System/Library/Frameworks/QuartzCore.framework; sourceTree = SDKROOT; };
		80C72F521CC007840059CB02 /* UIKit.framework */ = {isa = PBXFileReference; lastKnownFileType = wrapper.framework; name = UIKit.framework; path = System/Library/Frameworks/UIKit.framework; sourceTree = SDKROOT; };
		80C72F541CC0078A0059CB02 /* CoreGraphics.framework */ = {isa = PBXFileReference; lastKnownFileType = wrapper.framework; name = CoreGraphics.framework; path = System/Library/Frameworks/CoreGraphics.framework; sourceTree = SDKROOT; };
		80C72F561CC0078F0059CB02 /* Foundation.framework */ = {isa = PBXFileReference; lastKnownFileType = wrapper.framework; name = Foundation.framework; path = System/Library/Frameworks/Foundation.framework; sourceTree = SDKROOT; };
		80C72F581CC007980059CB02 /* OpenGLES.framework */ = {isa = PBXFileReference; lastKnownFileType = wrapper.framework; name = OpenGLES.framework; path = System/Library/Frameworks/OpenGLES.framework; sourceTree = SDKROOT; };
/* End PBXFileReference section */

/* Begin PBXFrameworksBuildPhase section */
		80C72EFF1CC004010059CB02 /* Frameworks */ = {
			isa = PBXFrameworksBuildPhase;
			buildActionMask = 2147483647;
			files = (
				80C72F591CC007980059CB02 /* OpenGLES.framework in Frameworks */,
				80C72F571CC0078F0059CB02 /* Foundation.framework in Frameworks */,
				80C72F551CC0078A0059CB02 /* CoreGraphics.framework in Frameworks */,
				80C72F531CC007840059CB02 /* UIKit.framework in Frameworks */,
				80C72F511CC0077F0059CB02 /* QuartzCore.framework in Frameworks */,
			);
			runOnlyForDeploymentPostprocessing = 0;
		};
/* End PBXFrameworksBuildPhase section */

/* Begin PBXGroup section */
		80C72EF91CC004010059CB02 = {
			isa = PBXGroup;
			children = (
				80C72F4F1CC0076E0059CB02 /* Frameworks */,
				80C72F2E1CC0068F0059CB02 /* Other Sources */,
				80C72F2D1CC006870059CB02 /* Shaders */,
				80C72F2C1CC006730059CB02 /* Classes */,
				80C72F2B1CC006300059CB02 /* Resources */,
				80C72F031CC004010059CB02 /* Products */,
			);
			sourceTree = "<group>";
		};
		80C72F031CC004010059CB02 /* Products */ = {
			isa = PBXGroup;
			children = (
				80C72F021CC004010059CB02 /* VertexLighting.app */,
			);
			name = Products;
			sourceTree = "<group>";
		};
		80C72F2B1CC006300059CB02 /* Resources */ = {
			isa = PBXGroup;
			children = (
				80C72F491CC007650059CB02 /* Default.png */,
				80C72F4A1CC007650059CB02 /* Icon.png */,
				80C72F4B1CC007650059CB02 /* Info.plist */,
			);
			name = Resources;
			sourceTree = "<group>";
		};
		80C72F2C1CC006730059CB02 /* Classes */ = {
			isa = PBXGroup;
			children = (
				80C72F351CC0075A0059CB02 /* AppDelegate.h */,
				80C72F361CC0075A0059CB02 /* AppDelegate.mm */,
				80C72F371CC0075A0059CB02 /* ApplicationEngine.ParametricViewer.cpp */,
				80C72F381CC0075A0059CB02 /* GLView.h */,
				80C72F391CC0075A0059CB02 /* GLView.mm */,
				80C72F3A1CC0075A0059CB02 /* Interfaces.hpp */,
				80C72F3B1CC0075A0059CB02 /* Matrix.hpp */,
				80C72F3C1CC0075A0059CB02 /* ParametricEquations.hpp */,
				80C72F3D1CC0075A0059CB02 /* ParametricSurface.cpp */,
				80C72F3E1CC0075A0059CB02 /* ParametricSurface.hpp */,
				80C72F3F1CC0075A0059CB02 /* Quaternion.hpp */,
				80C72F401CC0075A0059CB02 /* RenderingEngine.SolidES1.cpp */,
				80C72F411CC0075A0059CB02 /* RenderingEngine.SolidES2.cpp */,
				80C72F421CC0075A0059CB02 /* Vector.hpp */,
			);
			name = Classes;
			sourceTree = "<group>";
		};
		80C72F2D1CC006870059CB02 /* Shaders */ = {
			isa = PBXGroup;
			children = (
				80C72F311CC006FB0059CB02 /* SimpleLighting.es2.frag */,
				80C72F321CC006FB0059CB02 /* SimpleLighting.es2.vert */,
			);
			name = Shaders;
			sourceTree = "<group>";
		};
		80C72F2E1CC0068F0059CB02 /* Other Sources */ = {
			isa = PBXGroup;
			children = (
				80C72F2F1CC006F20059CB02 /* main.m */,
			);
			name = "Other Sources";
			sourceTree = "<group>";
		};
		80C72F4F1CC0076E0059CB02 /* Frameworks */ = {
			isa = PBXGroup;
			children = (
				80C72F581CC007980059CB02 /* OpenGLES.framework */,
				80C72F561CC0078F0059CB02 /* Foundation.framework */,
				80C72F541CC0078A0059CB02 /* CoreGraphics.framework */,
				80C72F521CC007840059CB02 /* UIKit.framework */,
				80C72F501CC0077F0059CB02 /* QuartzCore.framework */,
			);
			name = Frameworks;
			sourceTree = "<group>";
		};
/* End PBXGroup section */

/* Begin PBXNativeTarget section */
		80C72F011CC004010059CB02 /* VertexLighting */ = {
			isa = PBXNativeTarget;
			buildConfigurationList = 80C72F251CC004010059CB02 /* Build configuration list for PBXNativeTarget "VertexLighting" */;
			buildPhases = (
				80C72EFE1CC004010059CB02 /* Sources */,
				80C72EFF1CC004010059CB02 /* Frameworks */,
				80C72F001CC004010059CB02 /* Resources */,
			);
			buildRules = (
			);
			dependencies = (
			);
			name = VertexLighting;
			productName = VertexLighting;
			productReference = 80C72F021CC004010059CB02 /* VertexLighting.app */;
			productType = "com.apple.product-type.application";
		};
/* End PBXNativeTarget section */

/* Begin PBXProject section */
		80C72EFA1CC004010059CB02 /* Project object */ = {
			isa = PBXProject;
			attributes = {
				LastUpgradeCheck = 0640;
				ORGANIZATIONNAME = "Steven Boland";
				TargetAttributes = {
					80C72F011CC004010059CB02 = {
						CreatedOnToolsVersion = 6.4;
					};
				};
			};
			buildConfigurationList = 80C72EFD1CC004010059CB02 /* Build configuration list for PBXProject "VertexLighting" */;
			compatibilityVersion = "Xcode 3.2";
			developmentRegion = English;
			hasScannedForEncodings = 0;
			knownRegions = (
				en,
				Base,
			);
			mainGroup = 80C72EF91CC004010059CB02;
			productRefGroup = 80C72F031CC004010059CB02 /* Products */;
			projectDirPath = "";
			projectRoot = "";
			targets = (
				80C72F011CC004010059CB02 /* VertexLighting */,
			);
		};
/* End PBXProject section */

/* Begin PBXResourcesBuildPhase section */
		80C72F001CC004010059CB02 /* Resources */ = {
			isa = PBXResourcesBuildPhase;
			buildActionMask = 2147483647;
			files = (
				80C72F4D1CC007650059CB02 /* Icon.png in Resources */,
				80C72F341CC006FB0059CB02 /* SimpleLighting.es2.vert in Resources */,
				80C72F4C1CC007650059CB02 /* Default.png in Resources */,
				80C72F4E1CC007650059CB02 /* Info.plist in Resources */,
				80C72F331CC006FB0059CB02 /* SimpleLighting.es2.frag in Resources */,
			);
			runOnlyForDeploymentPostprocessing = 0;
		};
/* End PBXResourcesBuildPhase section */

/* Begin PBXSourcesBuildPhase section */
		80C72EFE1CC004010059CB02 /* Sources */ = {
			isa = PBXSourcesBuildPhase;
			buildActionMask = 2147483647;
			files = (
				80C72F441CC0075A0059CB02 /* ApplicationEngine.ParametricViewer.cpp in Sources */,
				80C72F431CC0075A0059CB02 /* AppDelegate.mm in Sources */,
				80C72F461CC0075A0059CB02 /* ParametricSurface.cpp in Sources */,
				80C72F301CC006F20059CB02 /* main.m in Sources */,
				80C72F451CC0075A0059CB02 /* GLView.mm in Sources */,
				80C72F471CC0075A0059CB02 /* RenderingEngine.SolidES1.cpp in Sources */,
				80C72F481CC0075A0059CB02 /* RenderingEngine.SolidES2.cpp in Sources */,
			);
			runOnlyForDeploymentPostprocessing = 0;
		};
/* End PBXSourcesBuildPhase section */

/* Begin XCBuildConfiguration section */
		80C72F231CC004010059CB02 /* Debug */ = {
			isa = XCBuildConfiguration;
			buildSettings = {
				ALWAYS_SEARCH_USER_PATHS = NO;
				CLANG_CXX_LANGUAGE_STANDARD = "gnu++0x";
				CLANG_CXX_LIBRARY = "libc++";
				CLANG_ENABLE_MODULES = YES;
				CLANG_ENABLE_OBJC_ARC = NO;
				CLANG_WARN_BOOL_CONVERSION = YES;
				CLANG_WARN_CONSTANT_CONVERSION = YES;
				CLANG_WARN_DIRECT_OBJC_ISA_USAGE = YES_ERROR;
				CLANG_WARN_EMPTY_BODY = YES;
				CLANG_WARN_ENUM_CONVERSION = YES;
				CLANG_WARN_INT_CONVERSION = YES;
				CLANG_WARN_OBJC_ROOT_CLASS = YES_ERROR;
				CLANG_WARN_UNREACHABLE_CODE = YES;
				CLANG_WARN__DUPLICATE_METHOD_MATCH = YES;
				"CODE_SIGN_IDENTITY[sdk=iphoneos*]" = "iPhone Developer";
				COPY_PHASE_STRIP = NO;
				DEBUG_INFORMATION_FORMAT = "dwarf-with-dsym";
				ENABLE_STRICT_OBJC_MSGSEND = YES;
				GCC_C_LANGUAGE_STANDARD = gnu99;
				GCC_DYNAMIC_NO_PIC = NO;
				GCC_NO_COMMON_BLOCKS = YES;
				GCC_OPTIMIZATION_LEVEL = 0;
				GCC_PREPROCESSOR_DEFINITIONS = (
					"DEBUG=1",
					"$(inherited)",
				);
				GCC_SYMBOLS_PRIVATE_EXTERN = NO;
				GCC_WARN_64_TO_32_BIT_CONVERSION = YES;
				GCC_WARN_ABOUT_RETURN_TYPE = YES_ERROR;
				GCC_WARN_UNDECLARED_SELECTOR = YES;
				GCC_WARN_UNINITIALIZED_AUTOS = YES_AGGRESSIVE;
				GCC_WARN_UNUSED_FUNCTION = YES;
				GCC_WARN_UNUSED_VARIABLE = YES;
				IPHONEOS_DEPLOYMENT_TARGET = 8.4;
				MTL_ENABLE_DEBUG_INFO = YES;
				ONLY_ACTIVE_ARCH = YES;
				SDKROOT = iphoneos;
				TARGETED_DEVICE_FAMILY = "1,2";
			};
			name = Debug;
		};
		80C72F241CC004010059CB02 /* Release */ = {
			isa = XCBuildConfiguration;
			buildSettings = {
				ALWAYS_SEARCH_USER_PATHS = NO;
				CLANG_CXX_LANGUAGE_STANDARD = "gnu++0x";
				CLANG_CXX_LIBRARY = "libc++";
				CLANG_ENABLE_MODULES = YES;
				CLANG_ENABLE_OBJC_ARC = NO;
				CLANG_WARN_BOOL_CONVERSION = YES;
				CLANG_WARN_CONSTANT_CONVERSION = YES;
				CLANG_WARN_DIRECT_OBJC_ISA_USAGE = YES_ERROR;
				CLANG_WARN_EMPTY_BODY = YES;
				CLANG_WARN_ENUM_CONVERSION = YES;
				CLANG_WARN_INT_CONVERSION = YES;
				CLANG_WARN_OBJC_ROOT_CLASS = YES_ERROR;
				CLANG_WARN_UNREACHABLE_CODE = YES;
				CLANG_WARN__DUPLICATE_METHOD_MATCH = YES;
				"CODE_SIGN_IDENTITY[sdk=iphoneos*]" = "iPhone Developer";
				COPY_PHASE_STRIP = NO;
				DEBUG_INFORMATION_FORMAT = "dwarf-with-dsym";
				ENABLE_NS_ASSERTIONS = NO;
				ENABLE_STRICT_OBJC_MSGSEND = YES;
				GCC_C_LANGUAGE_STANDARD = gnu99;
				GCC_NO_COMMON_BLOCKS = YES;
				GCC_WARN_64_TO_32_BIT_CONVERSION = YES;
				GCC_WARN_ABOUT_RETURN_TYPE = YES_ERROR;
				GCC_WARN_UNDECLARED_SELECTOR = YES;
				GCC_WARN_UNINITIALIZED_AUTOS = YES_AGGRESSIVE;
				GCC_WARN_UNUSED_FUNCTION = YES;
				GCC_WARN_UNUSED_VARIABLE = YES;
				IPHONEOS_DEPLOYMENT_TARGET = 8.4;
				MTL_ENABLE_DEBUG_INFO = NO;
				SDKROOT = iphoneos;
				TARGETED_DEVICE_FAMILY = "1,2";
				VALIDATE_PRODUCT = YES;
			};
			name = Release;
		};
		80C72F261CC004010059CB02 /* Debug */ = {
			isa = XCBuildConfiguration;
			buildSettings = {
				ASSETCATALOG_COMPILER_APPICON_NAME = AppIcon;
				INFOPLIST_FILE = "$(SRCROOT)/Info.plist";
				LD_RUNPATH_SEARCH_PATHS = "$(inherited) @executable_path/Frameworks";
				PRODUCT_NAME = "$(TARGET_NAME)";
			};
			name = Debug;
		};
		80C72F271CC004010059CB02 /* Release */ = {
			isa = XCBuildConfiguration;
			buildSettings = {
				ASSETCATALOG_COMPILER_APPICON_NAME = AppIcon;
				INFOPLIST_FILE = "$(SRCROOT)/Info.plist";
				LD_RUNPATH_SEARCH_PATHS = "$(inherited) @executable_path/Frameworks";
				PRODUCT_NAME = "$(TARGET_NAME)";
			};
			name = Release;
		};
/* End XCBuildConfiguration section */

/* Begin XCConfigurationList section */
		80C72EFD1CC004010059CB02 /* Build configuration list for PBXProject "VertexLighting" */ = {
			isa = XCConfigurationList;
			buildConfigurations = (
				80C72F231CC004010059CB02 /* Debug */,
				80C72F241CC004010059CB02 /* Release */,
			);
			defaultConfigurationIsVisible = 0;
			defaultConfigurationName = Release;
		};
		80C72F251CC004010059CB02 /* Build configuration list for PBXNativeTarget "VertexLighting" */ = {
			isa = XCConfigurationList;
			buildConfigurations = (
				80C72F261CC004010059CB02 /* Debug */,
				80C72F271CC004010059CB02 /* Release */,
			);
			defaultConfigurationIsVisible = 0;
			defaultConfigurationName = Release;
		};
/* End XCConfigurationList section */
	};
	rootObject = 80C72EFA1CC004010059CB02 /* Project object */;
}
